
Microsoft Visual Studio Solution File, Format Version 12.00
# Visual Studio Version 17
VisualStudioVersion = 17.5.002.0
MinimumVisualStudioVersion = 10.0.40219.1
Project("{9A19103F-16F7-4668-BE54-9A1E7A4F7556}") = "Dignite.Abp.AspNetCore.Mvc.UI.Theme.Pure.Demo", "Dignite.Abp.AspNetCore.Mvc.UI.Theme.Pure.Demo.csproj", "{F11654EE-29E2-43F6-99B1-F2270383998A}"
EndProject
Global
	GlobalSection(SolutionConfigurationPlatforms) = preSolution
		Debug|Any CPU = Debug|Any CPU
		Release|Any CPU = Release|Any CPU
	EndGlobalSection
	GlobalSection(ProjectConfigurationPlatforms) = postSolution
		{F11654EE-29E2-43F6-99B1-F2270383998A}.Debug|Any CPU.ActiveCfg = Debug|Any CPU
		{F11654EE-29E2-43F6-99B1-F2270383998A}.Debug|Any CPU.Build.0 = Debug|Any CPU
		{F11654EE-29E2-43F6-99B1-F2270383998A}.Release|Any CPU.ActiveCfg = Release|Any CPU
		{F11654EE-29E2-43F6-99B1-F2270383998A}.Release|Any CPU.Build.0 = Release|Any CPU
	EndGlobalSection
	GlobalSection(SolutionProperties) = preSolution
		HideSolutionNode = FALSE
	EndGlobalSection
	GlobalSection(ExtensibilityGlobals) = postSolution
		SolutionGuid = {1AD1FF54-3740-4406-A23E-0B8EB891EB20}
	EndGlobalSection
EndGlobal
