# THIS IS AN AUTOGENERATED FILE. DO NOT EDIT THIS FILE DIRECTLY.
# yarn lockfile v1


"@abp/aspnetcore.mvc.ui.theme.leptonxlite@~4.2.1":
  version "4.2.2"
  resolved "https://registry.yarnpkg.com/@abp/aspnetcore.mvc.ui.theme.leptonxlite/-/aspnetcore.mvc.ui.theme.leptonxlite-4.2.2.tgz#a7b4d2649c013388391efc8463769201f49a29d0"
  integrity sha512-demKkP5EDTiBPdUYyHnoca22zVnFaf0MUiDlYjL2eD8rHm6h+ypU+zGvwwlvUKPG4lyttscaXogAqOGEgULHjQ==
  dependencies:
    "@abp/aspnetcore.mvc.ui.theme.shared" "~9.2.2"

"@abp/aspnetcore.mvc.ui.theme.shared@~9.2.2":
  version "9.2.2"
  resolved "https://registry.yarnpkg.com/@abp/aspnetcore.mvc.ui.theme.shared/-/aspnetcore.mvc.ui.theme.shared-9.2.2.tgz#f852a8f3aa66b638378db798c03679122b4ba5a5"
  integrity sha512-yP3JCJ2mcmhVIDEL9/hispM07FowSYr/VvM6ohv1daMQfyLmciIXyQPgoQwhHEWXifJvytKhbQauDxW3B3L7lw==
  dependencies:
    "@abp/aspnetcore.mvc.ui" "~9.2.2"
    "@abp/bootstrap" "~9.2.2"
    "@abp/bootstrap-datepicker" "~9.2.2"
    "@abp/bootstrap-daterangepicker" "~9.2.2"
    "@abp/datatables.net-bs5" "~9.2.2"
    "@abp/font-awesome" "~9.2.2"
    "@abp/jquery-form" "~9.2.2"
    "@abp/jquery-validation-unobtrusive" "~9.2.2"
    "@abp/lodash" "~9.2.2"
    "@abp/luxon" "~9.2.2"
    "@abp/malihu-custom-scrollbar-plugin" "~9.2.2"
    "@abp/moment" "~9.2.2"
    "@abp/select2" "~9.2.2"
    "@abp/sweetalert2" "~9.2.2"
    "@abp/timeago" "~9.2.2"

"@abp/aspnetcore.mvc.ui@~9.2.2":
  version "9.2.2"
  resolved "https://registry.yarnpkg.com/@abp/aspnetcore.mvc.ui/-/aspnetcore.mvc.ui-9.2.2.tgz#0349556ce125bf83e88ce8384ff1d1e648c9766a"
  integrity sha512-Ll24xOpccgIZtnCRKrIj5AygRrV0fBCVqKvR16VwiWwMPd86N60Vflb9LyU7lx9/1sFMp/ONbGojxDy/tG9aBQ==
  dependencies:
    ansi-colors "^4.1.3"

"@abp/bootstrap-datepicker@~9.2.2":
  version "9.2.2"
  resolved "https://registry.yarnpkg.com/@abp/bootstrap-datepicker/-/bootstrap-datepicker-9.2.2.tgz#75aefaa4a2f0b322012599d92caa5c7a0b88cd67"
  integrity sha512-6ogV4COwnGmAznEOG64qQUfoyYvmMvoi4fwAqOcKrNjWUcVFUa+wL+fbVDf9tbYT3SkeoNG5sD0JN7xj43V5cg==
  dependencies:
    bootstrap-datepicker "^1.10.0"

"@abp/bootstrap-daterangepicker@~9.2.2":
  version "9.2.2"
  resolved "https://registry.yarnpkg.com/@abp/bootstrap-daterangepicker/-/bootstrap-daterangepicker-9.2.2.tgz#5493d00116aa29404873ff551aa86f2605bb19f2"
  integrity sha512-/JYaSj/LLaVYaeqihVS8jZb0K7J40SLakwVCFXwFhAB+/MSfgdGmzJxdf8nv/2GYlIZtG1Bv2gaQ8kHjd+M7DA==
  dependencies:
    bootstrap-daterangepicker "^3.1.0"

"@abp/bootstrap@~9.2.2":
  version "9.2.2"
  resolved "https://registry.yarnpkg.com/@abp/bootstrap/-/bootstrap-9.2.2.tgz#80a7e43c3629ca9db3bedd6fb28b69f5e4d90685"
  integrity sha512-1PI1sRzLy1aWcv+JO8mYl5/sRfbUq2pXAwWcRb80axJSOfb36Uhw+yURRcEaaw7bAtNN7qLvf0EBKS9Rh3iTrQ==
  dependencies:
    "@abp/core" "~9.2.2"
    bootstrap "^5.3.3"

"@abp/core@~9.2.2":
  version "9.2.2"
  resolved "https://registry.yarnpkg.com/@abp/core/-/core-9.2.2.tgz#d1fc363ddb26b4118e14d277f32a26247be4d430"
  integrity sha512-YR5XPW0JED/hca8aGiWd73pR6u93Gs6IfklpU0DnSrOFTm2FnoNAryPujGUyGl0ZJM8G7Rt0xwQyAKV6PAqsXg==
  dependencies:
    "@abp/utils" "~9.2.2"

"@abp/datatables.net-bs5@~9.2.2":
  version "9.2.2"
  resolved "https://registry.yarnpkg.com/@abp/datatables.net-bs5/-/datatables.net-bs5-9.2.2.tgz#197f99726c3bcaefaefdb9c91d07b50052340871"
  integrity sha512-BVWCOrPx7B3JMnxZ/ZatSfv2NRRWQXhL85DFkKE92k5+ZE+Fzx2noa3SgwAsuVXmg8Q7zVg5xRM4w7hDwBW8Bw==
  dependencies:
    "@abp/datatables.net" "~9.2.2"
    datatables.net-bs5 "^2.1.8"

"@abp/datatables.net@~9.2.2":
  version "9.2.2"
  resolved "https://registry.yarnpkg.com/@abp/datatables.net/-/datatables.net-9.2.2.tgz#334104f11d2da98df4afaf03b53a2cd504c7068f"
  integrity sha512-2tJxpmsh5zaVpbz0TWwpd+cdS1auwpURRfbNZ6xDM8cL/FS2dTBv8RGBIsKU0xltdfzKmtSd/Uh0xVjJjkNN2Q==
  dependencies:
    "@abp/jquery" "~9.2.2"
    datatables.net "^2.1.8"

"@abp/font-awesome@~9.2.2":
  version "9.2.2"
  resolved "https://registry.yarnpkg.com/@abp/font-awesome/-/font-awesome-9.2.2.tgz#f978cd07eb8175f73e252c345a9765cdf35b4d3d"
  integrity sha512-Zoc5HoqFqltc4/nudGFhL/Mr0UtMP15BjzLqbMJX0XFjHVzAg9oIGeC/kWFqUPWrQ+M5xGLm4kznNuyzee7Dnw==
  dependencies:
    "@abp/core" "~9.2.2"
    "@fortawesome/fontawesome-free" "^6.6.0"

"@abp/jquery-form@~9.2.2":
  version "9.2.2"
  resolved "https://registry.yarnpkg.com/@abp/jquery-form/-/jquery-form-9.2.2.tgz#f958f05b66e63bc7b0fe6ed7bf2c5b25e8e5c244"
  integrity sha512-Plo30NgmoZETQvtO2h9UkfXl8dcsdNvG9G0a7AENkj/fszJDP4J5T2U2XkPG4G6wbOg4h8gsmIceV++bCFXfgw==
  dependencies:
    "@abp/jquery" "~9.2.2"
    jquery-form "^4.3.0"

"@abp/jquery-validation-unobtrusive@~9.2.2":
  version "9.2.2"
  resolved "https://registry.yarnpkg.com/@abp/jquery-validation-unobtrusive/-/jquery-validation-unobtrusive-9.2.2.tgz#6fe634b9032c9e40198f3e0f27cc57afb3266d29"
  integrity sha512-VXRNSky8nVtH0NHn189HvwitKPaLzfbYoMEM7QFf1n3mEbkoBp4P43JbuTJdAzyRm5KNPNewMl5HW8EnZB0krQ==
  dependencies:
    "@abp/jquery-validation" "~9.2.2"
    jquery-validation-unobtrusive "^4.0.0"

"@abp/jquery-validation@~9.2.2":
  version "9.2.2"
  resolved "https://registry.yarnpkg.com/@abp/jquery-validation/-/jquery-validation-9.2.2.tgz#50a72f32d1c113e67cf75effefe7f1501d5956bd"
  integrity sha512-mHfPYSBkBSxytaJcbRbHtyeojGmiHiW825qFyyIBwr2kCY0s6Jr3zW8rtm3bIu2EB64cITI7kp7yKyJOxgQYlQ==
  dependencies:
    "@abp/jquery" "~9.2.2"
    jquery-validation "^1.21.0"

"@abp/jquery@~9.2.2":
  version "9.2.2"
  resolved "https://registry.yarnpkg.com/@abp/jquery/-/jquery-9.2.2.tgz#42c092c1790d03cdc4578d8cbeaa1954cb843cf7"
  integrity sha512-NavJF7SToheI+3VQWbZe+5cZVMBDt4hSGzclfB/r2/+YdKerxgggv9tDp6w8PuvnhuxHmZp6MIPelKCFN0B3Tw==
  dependencies:
    "@abp/core" "~9.2.2"
    jquery "~3.7.1"

"@abp/lodash@~9.2.2":
  version "9.2.2"
  resolved "https://registry.yarnpkg.com/@abp/lodash/-/lodash-9.2.2.tgz#41ec734ec769f22f5bebcea0b783d2b47ccb6d9a"
  integrity sha512-0uvG9hGBwp0hg5sgh0NC3URIPAD0sSfVgMN39wFJdfA+snrd4fb9TqRhZ+ntvK7iGdCEx6iIHGIgOTTzkpBB6Q==
  dependencies:
    "@abp/core" "~9.2.2"
    lodash "^4.17.21"

"@abp/luxon@~9.2.2":
  version "9.2.2"
  resolved "https://registry.yarnpkg.com/@abp/luxon/-/luxon-9.2.2.tgz#553d69dc8291a1e53b5760dacf6a9067f0e54862"
  integrity sha512-3J4Ch4lteckGD5n9tm5qqDydxASAD22z8z86/wfKR91y+JlXRMFTki6vU8vVnDzW4jVN+i+pUj2tg9Ov2buikQ==
  dependencies:
    "@abp/core" "~9.2.2"
    luxon "^3.5.0"

"@abp/malihu-custom-scrollbar-plugin@~9.2.2":
  version "9.2.2"
  resolved "https://registry.yarnpkg.com/@abp/malihu-custom-scrollbar-plugin/-/malihu-custom-scrollbar-plugin-9.2.2.tgz#97af3474245425b531200a4970c2e4f110a84deb"
  integrity sha512-siudEyOumlFV/94CABziPHWVg/C4+QjZdEqzsClPCQg+73PFNIiSwKLR7IyeBOHd+1Nf6sqNeOOmWpcGgGFe2g==
  dependencies:
    "@abp/core" "~9.2.2"
    malihu-custom-scrollbar-plugin "^3.1.5"

"@abp/moment@~9.2.2":
  version "9.2.2"
  resolved "https://registry.yarnpkg.com/@abp/moment/-/moment-9.2.2.tgz#4c6d1752705678a23044aabb1316537e3edfc54c"
  integrity sha512-xi07p1rj673qAtLwnSAmY/7DE5YfnAMvVRD8O0g+NrXiGbC1Zfv0iwhaXKTOzmUF8R+cVD/Ca3hEajqs8jHF0w==
  dependencies:
    moment "^2.30.1"

"@abp/select2@~9.2.2":
  version "9.2.2"
  resolved "https://registry.yarnpkg.com/@abp/select2/-/select2-9.2.2.tgz#af5a9b7411be257f57b192fe2cabaa4915fa3b78"
  integrity sha512-UvEPO0KPXFdj4qUw1zkSu0z4/gj+54OpPBQuSLZmErXt8Mswz/XWdNZ5SqEpJdMzeHLWmFuGndo5J5EeJ+u29A==
  dependencies:
    "@abp/core" "~9.2.2"
    select2 "^4.0.13"

"@abp/sweetalert2@~9.2.2":
  version "9.2.2"
  resolved "https://registry.yarnpkg.com/@abp/sweetalert2/-/sweetalert2-9.2.2.tgz#d82e4363d7b9ff7b372b6b7f7db3da85a35b8d3e"
  integrity sha512-/+xSR+6T6cJqurJz7AgtuJj0V9TjkQiVNuN8CpZYHUjiRHIclkeGIAk7xZOH2/I/q9Ijy6cAwcx23vSP1aj00Q==
  dependencies:
    "@abp/core" "~9.2.2"
    sweetalert2 "^11.14.1"

"@abp/timeago@~9.2.2":
  version "9.2.2"
  resolved "https://registry.yarnpkg.com/@abp/timeago/-/timeago-9.2.2.tgz#688ff285031e473831d780ae9f046e902f11538f"
  integrity sha512-aWLlp8/ZYsqzyBF2OjlBhZoIKTNskuwSyNeH2YG6SPeNpvisDn7UN3aeThrBSmDWjKOksYFlHNW9Zmg8DC3wYw==
  dependencies:
    "@abp/jquery" "~9.2.2"
    timeago "^1.6.7"

"@abp/utils@~9.2.2":
  version "9.2.2"
  resolved "https://registry.yarnpkg.com/@abp/utils/-/utils-9.2.2.tgz#27873c943b29fee5f31b893cdd6f7d4c21b21913"
  integrity sha512-dHztqg4w4CgYwBecutG59dkQk3S6WoivZ7swS16C6sV3KO2chEiVjMKU36pw0XndAUtIzd0UiD5IFF6rkBuvJA==
  dependencies:
    just-compare "^2.3.0"

"@fortawesome/fontawesome-free@^6.6.0":
  version "6.7.2"
  resolved "https://registry.yarnpkg.com/@fortawesome/fontawesome-free/-/fontawesome-free-6.7.2.tgz#8249de9b7e22fcb3ceb5e66090c30a1d5492b81a"
  integrity sha512-JUOtgFW6k9u4Y+xeIaEiLr3+cjoUPiAuLXoyKOJSia6Duzb7pq+A76P9ZdPDoAoxHdHzq6gE9/jKBGXlZT8FbA==

ansi-colors@^4.1.3:
  version "4.1.3"
  resolved "https://registry.yarnpkg.com/ansi-colors/-/ansi-colors-4.1.3.tgz#37611340eb2243e70cc604cad35d63270d48781b"
  integrity sha512-/6w/C21Pm1A7aZitlI5Ni/2J6FFQN8i1Cvz3kHABAAbw93v/NlvKdVOqz7CCWz/3iv/JplRSEEZ83XION15ovw==

bootstrap-datepicker@^1.10.0:
  version "1.10.0"
  resolved "https://registry.yarnpkg.com/bootstrap-datepicker/-/bootstrap-datepicker-1.10.0.tgz#61612bbe8bf0a69a5bce32bbcdda93ebb6ccf24a"
  integrity sha512-lWxtSYddAQOpbAO8UhYhHLcK6425eWoSjb5JDvZU3ePHEPF6A3eUr51WKaFy4PccU19JRxUG6wEU3KdhtKfvpg==
  dependencies:
    jquery ">=3.4.0 <4.0.0"

bootstrap-daterangepicker@^3.1.0:
  version "3.1.0"
  resolved "https://registry.yarnpkg.com/bootstrap-daterangepicker/-/bootstrap-daterangepicker-3.1.0.tgz#632e6fb2de4b6360c5c0a9d5f6adb9aace051fe8"
  integrity sha512-oaQZx6ZBDo/dZNyXGVi2rx5GmFXThyQLAxdtIqjtLlYVaQUfQALl5JZMJJZzyDIX7blfy4ppZPAJ10g8Ma4d/g==
  dependencies:
    jquery ">=1.10"
    moment "^2.9.0"

bootstrap@^5.3.3:
  version "5.3.7"
  resolved "https://registry.yarnpkg.com/bootstrap/-/bootstrap-5.3.7.tgz#8640065036124d961d885d80b5945745e1154d90"
  integrity sha512-7KgiD8UHjfcPBHEpDNg+zGz8L3LqR3GVwqZiBRFX04a1BCArZOz1r2kjly2HQ0WokqTO0v1nF+QAt8dsW4lKlw==

datatables.net-bs5@^2.1.8:
  version "2.3.2"
  resolved "https://registry.yarnpkg.com/datatables.net-bs5/-/datatables.net-bs5-2.3.2.tgz#cffb8007a9f752a997bc70c0dbe9f545edfd18eb"
  integrity sha512-1rh0ZTLoiziIQ4oAtgr+IOYVgJfAIceDnbDe535u8kv191pBAdTrKF6ovQO98Xy9mDXLdLNB7QCrLiV/sgPoQw==
  dependencies:
    datatables.net "2.3.2"
    jquery ">=1.7"

datatables.net@2.3.2, datatables.net@^2.1.8:
  version "2.3.2"
  resolved "https://registry.yarnpkg.com/datatables.net/-/datatables.net-2.3.2.tgz#6821f6288e6ad3cb6879c33e0e7e11d4091d330b"
  integrity sha512-31TzwIQM0+pr2ZOEOEH6dsHd/WSAl5GDDGPezOHPI3mM2NK4lcDyOoG8xXeWmSbVfbi852LNK5C84fpp4Q+qxg==
  dependencies:
    jquery ">=1.7"

jquery-form@^4.3.0:
  version "4.3.0"
  resolved "https://registry.yarnpkg.com/jquery-form/-/jquery-form-4.3.0.tgz#7d3961c314a1f2d15298f4af1d3943f54f4149c6"
  integrity sha512-q3uaVCEWdLOYUCI6dpNdwf/7cJFOsUgdpq6r0taxtGQ5NJSkOzofyWm4jpOuJ5YxdmL1FI5QR+q+HB63HHLGnQ==
  dependencies:
    jquery ">=1.7.2"

jquery-mousewheel@>=3.0.6:
  version "3.2.2"
  resolved "https://registry.yarnpkg.com/jquery-mousewheel/-/jquery-mousewheel-3.2.2.tgz#48c833f6260ee0c46d438a999e7d0060ec9eed0b"
  integrity sha512-JP71xTAg08ZY3hcs9ZbYUZ5i+dkSsz4yRl/zpWkAmtzc+kMs5EfPkpkINSidiLYMaR0MTo3DfFGF9WIezMsFQQ==
  dependencies:
    jquery ">=1.2.6"

jquery-validation-unobtrusive@^4.0.0:
  version "4.0.0"
  resolved "https://registry.yarnpkg.com/jquery-validation-unobtrusive/-/jquery-validation-unobtrusive-4.0.0.tgz#dfcf25a558496a2c883db6021d10f5398d15f99d"
  integrity sha512-1ervYFFv6LX/rp7ktuLnMakHNG0piNRDyROI8Ir3hL1vPIwylAehB1AY3BPrYJnzW3WmwWryZq+Bz4sazZK9iQ==
  dependencies:
    jquery "^3.6.0"
    jquery-validation ">=1.19"

jquery-validation@>=1.19, jquery-validation@^1.21.0:
  version "1.21.0"
  resolved "https://registry.yarnpkg.com/jquery-validation/-/jquery-validation-1.21.0.tgz#78fc05ab76020912a246af3661b3f54a438bca93"
  integrity sha512-xNot0rlUIgu7duMcQ5qb6MGkGL/Z1PQaRJQoZAURW9+a/2PGOUxY36o/WyNeP2T9R6jvWB8Z9lUVvvQWI/Zs5w==

jquery@>=1.10, jquery@>=1.2.6, "jquery@>=1.5.0 <4.0", jquery@>=1.7, jquery@>=1.7.2, "jquery@>=3.4.0 <4.0.0", jquery@^3.6.0, jquery@~3.7.1:
  version "3.7.1"
  resolved "https://registry.yarnpkg.com/jquery/-/jquery-3.7.1.tgz#083ef98927c9a6a74d05a6af02806566d16274de"
  integrity sha512-m4avr8yL8kmFN8psrbFFFmB/If14iN5o9nw/NgnnM+kybDJpRsAynV2BsfpTYrTRysYUdADVD7CkUUizgkpLfg==

just-compare@^2.3.0:
  version "2.3.0"
  resolved "https://registry.yarnpkg.com/just-compare/-/just-compare-2.3.0.tgz#a2adcc1d1940536263275f5a1ef1298bcacfeda7"
  integrity sha512-6shoR7HDT+fzfL3gBahx1jZG3hWLrhPAf+l7nCwahDdT9XDtosB9kIF0ZrzUp5QY8dJWfQVr5rnsPqsbvflDzg==

lodash@^4.17.21:
  version "4.17.21"
  resolved "https://registry.yarnpkg.com/lodash/-/lodash-4.17.21.tgz#679591c564c3bffaae8454cf0b3df370c3d6911c"
  integrity sha512-v2kDEe57lecTulaDIuNTPy3Ry4gLGJ6Z1O3vE1krgXZNrsQ+LFTGHVxVjcXPs17LhbZVGedAJv8XZ1tvj5FvSg==

luxon@^3.5.0:
  version "3.7.1"
  resolved "https://registry.yarnpkg.com/luxon/-/luxon-3.7.1.tgz#9bd09aa84a56afb00c57ea78a8ec5bd16eb24ec0"
  integrity sha512-RkRWjA926cTvz5rAb1BqyWkKbbjzCGchDUIKMCUvNi17j6f6j8uHGDV82Aqcqtzd+icoYpELmG3ksgGiFNNcNg==

malihu-custom-scrollbar-plugin@^3.1.5:
  version "3.1.5"
  resolved "https://registry.yarnpkg.com/malihu-custom-scrollbar-plugin/-/malihu-custom-scrollbar-plugin-3.1.5.tgz#310cecc5e59415a1c29e9dfb5d2b6e01d66a29ef"
  integrity sha512-lwW3LgI+CNDMPnP4ED2la6oYxWMkCXlnhex+s2wuOLhFDFGnGmQuTQVdRK9bvDLpxs10sGlfErVufJy9ztfgJQ==
  dependencies:
    jquery-mousewheel ">=3.0.6"

moment@^2.30.1, moment@^2.9.0:
  version "2.30.1"
  resolved "https://registry.yarnpkg.com/moment/-/moment-2.30.1.tgz#f8c91c07b7a786e30c59926df530b4eac96974ae"
  integrity sha512-uEmtNhbDOrWPFS+hdjFCBfy9f2YoyzRpwcl+DqpC6taX21FzsTLQVbMV/W7PzNSX6x/bhC1zA3c2UQ5NzH6how==

select2@^4.0.13:
  version "4.0.13"
  resolved "https://registry.yarnpkg.com/select2/-/select2-4.0.13.tgz#0dbe377df3f96167c4c1626033e924372d8ef44d"
  integrity sha512-1JeB87s6oN/TDxQQYCvS5EFoQyvV6eYMZZ0AeA4tdFDYWN3BAGZ8npr17UBFddU0lgAt3H0yjX3X6/ekOj1yjw==

sweetalert2@^11.14.1:
  version "11.22.2"
  resolved "https://registry.yarnpkg.com/sweetalert2/-/sweetalert2-11.22.2.tgz#d4d82a2edd4e97024306fe37f1bc64fa576e9bc9"
  integrity sha512-GFQGzw8ZXF23PO79WMAYXLl4zYmLiaKqYJwcp5eBF07wiI5BYPbZtKi2pcvVmfUQK+FqL1risJAMxugcPbGIyg==

timeago@^1.6.7:
  version "1.6.7"
  resolved "https://registry.yarnpkg.com/timeago/-/timeago-1.6.7.tgz#afd467c29a911e697fc22a81888c7c3022783cb5"
  integrity sha512-FikcjN98+ij0siKH4VO4dZ358PR3oDDq4Vdl1+sN9gWz1/+JXGr3uZbUShYH/hL7bMhcTpPbplJU5Tej4b4jbQ==
  dependencies:
    jquery ">=1.5.0 <4.0"
