
Microsoft Visual Studio Solution File, Format Version 12.00
# Visual Studio Version 17
VisualStudioVersion = 17.0.31903.59
MinimumVisualStudioVersion = 10.0.40219.1
Project("{9A19103F-16F7-4668-BE54-9A1E7A4F7556}") = "SettingManagementSample", "src\SettingManagementSample.csproj", "{2E19BC05-F78C-4907-A059-C29A4859ADB4}"
EndProject
Project("{2150E333-8FDC-42A3-9474-1A3956D46DE8}") = "pure-theme", "pure-theme", "{9DB539B5-03CE-4A82-8D75-036187887FD1}"
EndProject
Project("{9A19103F-16F7-4668-BE54-9A1E7A4F7556}") = "Dignite.Abp.AspNetCore.Components.Server.PureTheme", "..\..\modules\pure-theme\src\Dignite.Abp.AspNetCore.Components.Server.PureTheme\Dignite.Abp.AspNetCore.Components.Server.PureTheme.csproj", "{E07A3723-ECE8-436E-AA2D-FB2DB773DE67}"
EndProject
Project("{9A19103F-16F7-4668-BE54-9A1E7A4F7556}") = "Dignite.Abp.AspNetCore.Mvc.UI.Theme.Pure", "..\..\modules\pure-theme\src\Dignite.Abp.AspNetCore.Mvc.UI.Theme.Pure\Dignite.Abp.AspNetCore.Mvc.UI.Theme.Pure.csproj", "{F5C2BC45-FD38-459F-A61C-7FCE19778CB0}"
EndProject
Project("{2150E333-8FDC-42A3-9474-1A3956D46DE8}") = "setting-management", "setting-management", "{3F8761DE-D1A1-4C76-84F3-0E7A9CFDC846}"
EndProject
Project("{9A19103F-16F7-4668-BE54-9A1E7A4F7556}") = "Dignite.Abp.SettingManagement.Application", "..\..\modules\setting-management\src\Dignite.Abp.SettingManagement.Application\Dignite.Abp.SettingManagement.Application.csproj", "{6584DC8A-8714-45CF-8C19-7FEE548417CF}"
EndProject
Project("{9A19103F-16F7-4668-BE54-9A1E7A4F7556}") = "Dignite.Abp.SettingManagement.HttpApi", "..\..\modules\setting-management\src\Dignite.Abp.SettingManagement.HttpApi\Dignite.Abp.SettingManagement.HttpApi.csproj", "{09274E9B-A833-4081-87BD-5F06F120C09A}"
EndProject
Project("{9A19103F-16F7-4668-BE54-9A1E7A4F7556}") = "Dignite.Abp.SettingManagement.Blazor.Server", "..\..\modules\setting-management\src\Dignite.Abp.SettingManagement.Blazor.Server\Dignite.Abp.SettingManagement.Blazor.Server.csproj", "{CA0397FE-1384-4E3B-BC7F-D73C75123D0E}"
EndProject
Project("{9A19103F-16F7-4668-BE54-9A1E7A4F7556}") = "Dignite.Abp.SettingManagement.Blazor", "..\..\modules\setting-management\src\Dignite.Abp.SettingManagement.Blazor\Dignite.Abp.SettingManagement.Blazor.csproj", "{852EE6D9-B3D9-4A22-8056-E2378710B1CF}"
EndProject
Project("{9A19103F-16F7-4668-BE54-9A1E7A4F7556}") = "Dignite.Abp.SettingManagement.Domain.Shared", "..\..\modules\setting-management\src\Dignite.Abp.SettingManagement.Domain.Shared\Dignite.Abp.SettingManagement.Domain.Shared.csproj", "{9174B982-56F6-4F94-8078-F2C1BCD6BCC2}"
EndProject
Project("{9A19103F-16F7-4668-BE54-9A1E7A4F7556}") = "Dignite.Abp.SettingManagement.Application.Contracts", "..\..\modules\setting-management\src\Dignite.Abp.SettingManagement.Application.Contracts\Dignite.Abp.SettingManagement.Application.Contracts.csproj", "{F3565FFD-9B09-49CE-B3AB-FED2C71A2BAA}"
EndProject
Project("{2150E333-8FDC-42A3-9474-1A3956D46DE8}") = "dignite-abp", "dignite-abp", "{16F662BB-EC16-45AF-9CAE-F31AF92C7040}"
EndProject
Project("{9A19103F-16F7-4668-BE54-9A1E7A4F7556}") = "Dignite.Abp.Settings.DynamicForms", "..\..\framework\src\Dignite.Abp.Settings.DynamicForms\Dignite.Abp.Settings.DynamicForms.csproj", "{F530D579-F9DD-4525-8E41-017618A916E7}"
EndProject
Global
	GlobalSection(SolutionConfigurationPlatforms) = preSolution
		Debug|Any CPU = Debug|Any CPU
		Release|Any CPU = Release|Any CPU
	EndGlobalSection
	GlobalSection(ProjectConfigurationPlatforms) = postSolution
		{2E19BC05-F78C-4907-A059-C29A4859ADB4}.Debug|Any CPU.ActiveCfg = Debug|Any CPU
		{2E19BC05-F78C-4907-A059-C29A4859ADB4}.Debug|Any CPU.Build.0 = Debug|Any CPU
		{2E19BC05-F78C-4907-A059-C29A4859ADB4}.Release|Any CPU.ActiveCfg = Release|Any CPU
		{2E19BC05-F78C-4907-A059-C29A4859ADB4}.Release|Any CPU.Build.0 = Release|Any CPU
		{E07A3723-ECE8-436E-AA2D-FB2DB773DE67}.Debug|Any CPU.ActiveCfg = Debug|Any CPU
		{E07A3723-ECE8-436E-AA2D-FB2DB773DE67}.Debug|Any CPU.Build.0 = Debug|Any CPU
		{E07A3723-ECE8-436E-AA2D-FB2DB773DE67}.Release|Any CPU.ActiveCfg = Release|Any CPU
		{E07A3723-ECE8-436E-AA2D-FB2DB773DE67}.Release|Any CPU.Build.0 = Release|Any CPU
		{F5C2BC45-FD38-459F-A61C-7FCE19778CB0}.Debug|Any CPU.ActiveCfg = Debug|Any CPU
		{F5C2BC45-FD38-459F-A61C-7FCE19778CB0}.Debug|Any CPU.Build.0 = Debug|Any CPU
		{F5C2BC45-FD38-459F-A61C-7FCE19778CB0}.Release|Any CPU.ActiveCfg = Release|Any CPU
		{F5C2BC45-FD38-459F-A61C-7FCE19778CB0}.Release|Any CPU.Build.0 = Release|Any CPU
		{6584DC8A-8714-45CF-8C19-7FEE548417CF}.Debug|Any CPU.ActiveCfg = Debug|Any CPU
		{6584DC8A-8714-45CF-8C19-7FEE548417CF}.Debug|Any CPU.Build.0 = Debug|Any CPU
		{6584DC8A-8714-45CF-8C19-7FEE548417CF}.Release|Any CPU.ActiveCfg = Release|Any CPU
		{6584DC8A-8714-45CF-8C19-7FEE548417CF}.Release|Any CPU.Build.0 = Release|Any CPU
		{09274E9B-A833-4081-87BD-5F06F120C09A}.Debug|Any CPU.ActiveCfg = Debug|Any CPU
		{09274E9B-A833-4081-87BD-5F06F120C09A}.Debug|Any CPU.Build.0 = Debug|Any CPU
		{09274E9B-A833-4081-87BD-5F06F120C09A}.Release|Any CPU.ActiveCfg = Release|Any CPU
		{09274E9B-A833-4081-87BD-5F06F120C09A}.Release|Any CPU.Build.0 = Release|Any CPU
		{CA0397FE-1384-4E3B-BC7F-D73C75123D0E}.Debug|Any CPU.ActiveCfg = Debug|Any CPU
		{CA0397FE-1384-4E3B-BC7F-D73C75123D0E}.Debug|Any CPU.Build.0 = Debug|Any CPU
		{CA0397FE-1384-4E3B-BC7F-D73C75123D0E}.Release|Any CPU.ActiveCfg = Release|Any CPU
		{CA0397FE-1384-4E3B-BC7F-D73C75123D0E}.Release|Any CPU.Build.0 = Release|Any CPU
		{852EE6D9-B3D9-4A22-8056-E2378710B1CF}.Debug|Any CPU.ActiveCfg = Debug|Any CPU
		{852EE6D9-B3D9-4A22-8056-E2378710B1CF}.Debug|Any CPU.Build.0 = Debug|Any CPU
		{852EE6D9-B3D9-4A22-8056-E2378710B1CF}.Release|Any CPU.ActiveCfg = Release|Any CPU
		{852EE6D9-B3D9-4A22-8056-E2378710B1CF}.Release|Any CPU.Build.0 = Release|Any CPU
		{9174B982-56F6-4F94-8078-F2C1BCD6BCC2}.Debug|Any CPU.ActiveCfg = Debug|Any CPU
		{9174B982-56F6-4F94-8078-F2C1BCD6BCC2}.Debug|Any CPU.Build.0 = Debug|Any CPU
		{9174B982-56F6-4F94-8078-F2C1BCD6BCC2}.Release|Any CPU.ActiveCfg = Release|Any CPU
		{9174B982-56F6-4F94-8078-F2C1BCD6BCC2}.Release|Any CPU.Build.0 = Release|Any CPU
		{F3565FFD-9B09-49CE-B3AB-FED2C71A2BAA}.Debug|Any CPU.ActiveCfg = Debug|Any CPU
		{F3565FFD-9B09-49CE-B3AB-FED2C71A2BAA}.Debug|Any CPU.Build.0 = Debug|Any CPU
		{F3565FFD-9B09-49CE-B3AB-FED2C71A2BAA}.Release|Any CPU.ActiveCfg = Release|Any CPU
		{F3565FFD-9B09-49CE-B3AB-FED2C71A2BAA}.Release|Any CPU.Build.0 = Release|Any CPU
		{F530D579-F9DD-4525-8E41-017618A916E7}.Debug|Any CPU.ActiveCfg = Debug|Any CPU
		{F530D579-F9DD-4525-8E41-017618A916E7}.Debug|Any CPU.Build.0 = Debug|Any CPU
		{F530D579-F9DD-4525-8E41-017618A916E7}.Release|Any CPU.ActiveCfg = Release|Any CPU
		{F530D579-F9DD-4525-8E41-017618A916E7}.Release|Any CPU.Build.0 = Release|Any CPU
	EndGlobalSection
	GlobalSection(SolutionProperties) = preSolution
		HideSolutionNode = FALSE
	EndGlobalSection
	GlobalSection(NestedProjects) = preSolution
		{E07A3723-ECE8-436E-AA2D-FB2DB773DE67} = {9DB539B5-03CE-4A82-8D75-036187887FD1}
		{F5C2BC45-FD38-459F-A61C-7FCE19778CB0} = {9DB539B5-03CE-4A82-8D75-036187887FD1}
		{6584DC8A-8714-45CF-8C19-7FEE548417CF} = {3F8761DE-D1A1-4C76-84F3-0E7A9CFDC846}
		{09274E9B-A833-4081-87BD-5F06F120C09A} = {3F8761DE-D1A1-4C76-84F3-0E7A9CFDC846}
		{CA0397FE-1384-4E3B-BC7F-D73C75123D0E} = {3F8761DE-D1A1-4C76-84F3-0E7A9CFDC846}
		{852EE6D9-B3D9-4A22-8056-E2378710B1CF} = {3F8761DE-D1A1-4C76-84F3-0E7A9CFDC846}
		{9174B982-56F6-4F94-8078-F2C1BCD6BCC2} = {3F8761DE-D1A1-4C76-84F3-0E7A9CFDC846}
		{F3565FFD-9B09-49CE-B3AB-FED2C71A2BAA} = {3F8761DE-D1A1-4C76-84F3-0E7A9CFDC846}
		{F530D579-F9DD-4525-8E41-017618A916E7} = {16F662BB-EC16-45AF-9CAE-F31AF92C7040}
	EndGlobalSection
	GlobalSection(ExtensibilityGlobals) = postSolution
		SolutionGuid = {63E2660C-C1D9-4768-90FD-289F36581842}
	EndGlobalSection
EndGlobal
