
Microsoft Visual Studio Solution File, Format Version 12.00
# Visual Studio Version 17
VisualStudioVersion = 17.0.31912.275
MinimumVisualStudioVersion = 10.0.40219.1
Project("{2150E333-8FDC-42A3-9474-1A3956D46DE8}") = "src", "src", "{5D2E5161-D1D9-4B06-A9CF-C25E43630E74}"
EndProject
Project("{9A19103F-16F7-4668-BE54-9A1E7A4F7556}") = "Dignite.Abp.SettingManagement.Application", "src\Dignite.Abp.SettingManagement.Application\Dignite.Abp.SettingManagement.Application.csproj", "{F77DBDB0-FABB-4C23-93D3-AADF85F09FF9}"
EndProject
Project("{9A19103F-16F7-4668-BE54-9A1E7A4F7556}") = "Dignite.Abp.SettingManagement.Application.Contracts", "src\Dignite.Abp.SettingManagement.Application.Contracts\Dignite.Abp.SettingManagement.Application.Contracts.csproj", "{E953CDA9-D030-4334-9A2D-5862CD27CD64}"
EndProject
Project("{9A19103F-16F7-4668-BE54-9A1E7A4F7556}") = "Dignite.Abp.SettingManagement.HttpApi", "src\Dignite.Abp.SettingManagement.HttpApi\Dignite.Abp.SettingManagement.HttpApi.csproj", "{26027C54-7FC9-427C-B692-FB749FD09914}"
EndProject
Project("{9A19103F-16F7-4668-BE54-9A1E7A4F7556}") = "Dignite.Abp.SettingManagement.HttpApi.Client", "src\Dignite.Abp.SettingManagement.HttpApi.Client\Dignite.Abp.SettingManagement.HttpApi.Client.csproj", "{8C0DC461-3E3A-4450-868C-15690BEBDC4D}"
EndProject
Project("{9A19103F-16F7-4668-BE54-9A1E7A4F7556}") = "Dignite.Abp.SettingManagement.Blazor", "src\Dignite.Abp.SettingManagement.Blazor\Dignite.Abp.SettingManagement.Blazor.csproj", "{F21BC18C-B204-44B8-8C63-61CBDDAAE54E}"
EndProject
Project("{9A19103F-16F7-4668-BE54-9A1E7A4F7556}") = "Dignite.Abp.SettingManagement.Blazor.Server", "src\Dignite.Abp.SettingManagement.Blazor.Server\Dignite.Abp.SettingManagement.Blazor.Server.csproj", "{40DD8B1F-FFEE-406B-99C7-D21FD696BF4A}"
EndProject
Project("{9A19103F-16F7-4668-BE54-9A1E7A4F7556}") = "Dignite.Abp.SettingManagement.Blazor.WebAssembly", "src\Dignite.Abp.SettingManagement.Blazor.WebAssembly\Dignite.Abp.SettingManagement.Blazor.WebAssembly.csproj", "{4C755BCD-124D-417F-AFDB-CB0B22BA215C}"
EndProject
Project("{2150E333-8FDC-42A3-9474-1A3956D46DE8}") = "dignite-abp", "dignite-abp", "{8FA3CBED-D4B2-493E-8F04-82C8074DE8BB}"
EndProject
Project("{9A19103F-16F7-4668-BE54-9A1E7A4F7556}") = "Dignite.Abp.SettingsGrouping", "..\..\framework\src\Dignite.Abp.SettingsGrouping\Dignite.Abp.SettingsGrouping.csproj", "{1F912ABE-3821-4B05-876B-7B651FC1E475}"
EndProject
Project("{9A19103F-16F7-4668-BE54-9A1E7A4F7556}") = "Dignite.Abp.FieldCustomizing", "..\..\framework\src\Dignite.Abp.FieldCustomizing\Dignite.Abp.FieldCustomizing.csproj", "{9862684C-2A74-45FE-AB24-9B9C0177733A}"
EndProject
Project("{9A19103F-16F7-4668-BE54-9A1E7A4F7556}") = "Dignite.Abp.FieldCustomizing.FieldComponents", "..\..\framework\src\Dignite.Abp.FieldCustomizing.FieldComponents\Dignite.Abp.FieldCustomizing.FieldComponents.csproj", "{82D8D794-009C-42A7-967F-CDF8281F9A1D}"
EndProject
Project("{9A19103F-16F7-4668-BE54-9A1E7A4F7556}") = "Dignite.Abp.SettingManagement.Domain.Shared", "src\Dignite.Abp.SettingManagement.Domain.Shared\Dignite.Abp.SettingManagement.Domain.Shared.csproj", "{B6A60CB0-08B4-4093-98F5-1CF4CAD2C602}"
EndProject
Project("{9A19103F-16F7-4668-BE54-9A1E7A4F7556}") = "Dignite.Abp.BlazoriseUI", "..\..\framework\src\Dignite.Abp.BlazoriseUI\Dignite.Abp.BlazoriseUI.csproj", "{820EF09A-2D55-4A7C-80E5-2EF3EBC2F1BC}"
EndProject
Global
	GlobalSection(SolutionConfigurationPlatforms) = preSolution
		Debug|Any CPU = Debug|Any CPU
		Release|Any CPU = Release|Any CPU
	EndGlobalSection
	GlobalSection(ProjectConfigurationPlatforms) = postSolution
		{F77DBDB0-FABB-4C23-93D3-AADF85F09FF9}.Debug|Any CPU.ActiveCfg = Debug|Any CPU
		{F77DBDB0-FABB-4C23-93D3-AADF85F09FF9}.Debug|Any CPU.Build.0 = Debug|Any CPU
		{F77DBDB0-FABB-4C23-93D3-AADF85F09FF9}.Release|Any CPU.ActiveCfg = Release|Any CPU
		{F77DBDB0-FABB-4C23-93D3-AADF85F09FF9}.Release|Any CPU.Build.0 = Release|Any CPU
		{E953CDA9-D030-4334-9A2D-5862CD27CD64}.Debug|Any CPU.ActiveCfg = Debug|Any CPU
		{E953CDA9-D030-4334-9A2D-5862CD27CD64}.Debug|Any CPU.Build.0 = Debug|Any CPU
		{E953CDA9-D030-4334-9A2D-5862CD27CD64}.Release|Any CPU.ActiveCfg = Release|Any CPU
		{E953CDA9-D030-4334-9A2D-5862CD27CD64}.Release|Any CPU.Build.0 = Release|Any CPU
		{26027C54-7FC9-427C-B692-FB749FD09914}.Debug|Any CPU.ActiveCfg = Debug|Any CPU
		{26027C54-7FC9-427C-B692-FB749FD09914}.Debug|Any CPU.Build.0 = Debug|Any CPU
		{26027C54-7FC9-427C-B692-FB749FD09914}.Release|Any CPU.ActiveCfg = Release|Any CPU
		{26027C54-7FC9-427C-B692-FB749FD09914}.Release|Any CPU.Build.0 = Release|Any CPU
		{8C0DC461-3E3A-4450-868C-15690BEBDC4D}.Debug|Any CPU.ActiveCfg = Debug|Any CPU
		{8C0DC461-3E3A-4450-868C-15690BEBDC4D}.Debug|Any CPU.Build.0 = Debug|Any CPU
		{8C0DC461-3E3A-4450-868C-15690BEBDC4D}.Release|Any CPU.ActiveCfg = Release|Any CPU
		{8C0DC461-3E3A-4450-868C-15690BEBDC4D}.Release|Any CPU.Build.0 = Release|Any CPU
		{F21BC18C-B204-44B8-8C63-61CBDDAAE54E}.Debug|Any CPU.ActiveCfg = Debug|Any CPU
		{F21BC18C-B204-44B8-8C63-61CBDDAAE54E}.Debug|Any CPU.Build.0 = Debug|Any CPU
		{F21BC18C-B204-44B8-8C63-61CBDDAAE54E}.Release|Any CPU.ActiveCfg = Release|Any CPU
		{F21BC18C-B204-44B8-8C63-61CBDDAAE54E}.Release|Any CPU.Build.0 = Release|Any CPU
		{40DD8B1F-FFEE-406B-99C7-D21FD696BF4A}.Debug|Any CPU.ActiveCfg = Debug|Any CPU
		{40DD8B1F-FFEE-406B-99C7-D21FD696BF4A}.Debug|Any CPU.Build.0 = Debug|Any CPU
		{40DD8B1F-FFEE-406B-99C7-D21FD696BF4A}.Release|Any CPU.ActiveCfg = Release|Any CPU
		{40DD8B1F-FFEE-406B-99C7-D21FD696BF4A}.Release|Any CPU.Build.0 = Release|Any CPU
		{4C755BCD-124D-417F-AFDB-CB0B22BA215C}.Debug|Any CPU.ActiveCfg = Debug|Any CPU
		{4C755BCD-124D-417F-AFDB-CB0B22BA215C}.Debug|Any CPU.Build.0 = Debug|Any CPU
		{4C755BCD-124D-417F-AFDB-CB0B22BA215C}.Release|Any CPU.ActiveCfg = Release|Any CPU
		{4C755BCD-124D-417F-AFDB-CB0B22BA215C}.Release|Any CPU.Build.0 = Release|Any CPU
		{1F912ABE-3821-4B05-876B-7B651FC1E475}.Debug|Any CPU.ActiveCfg = Debug|Any CPU
		{1F912ABE-3821-4B05-876B-7B651FC1E475}.Debug|Any CPU.Build.0 = Debug|Any CPU
		{1F912ABE-3821-4B05-876B-7B651FC1E475}.Release|Any CPU.ActiveCfg = Release|Any CPU
		{1F912ABE-3821-4B05-876B-7B651FC1E475}.Release|Any CPU.Build.0 = Release|Any CPU
		{9862684C-2A74-45FE-AB24-9B9C0177733A}.Debug|Any CPU.ActiveCfg = Debug|Any CPU
		{9862684C-2A74-45FE-AB24-9B9C0177733A}.Debug|Any CPU.Build.0 = Debug|Any CPU
		{9862684C-2A74-45FE-AB24-9B9C0177733A}.Release|Any CPU.ActiveCfg = Release|Any CPU
		{9862684C-2A74-45FE-AB24-9B9C0177733A}.Release|Any CPU.Build.0 = Release|Any CPU
		{82D8D794-009C-42A7-967F-CDF8281F9A1D}.Debug|Any CPU.ActiveCfg = Debug|Any CPU
		{82D8D794-009C-42A7-967F-CDF8281F9A1D}.Debug|Any CPU.Build.0 = Debug|Any CPU
		{82D8D794-009C-42A7-967F-CDF8281F9A1D}.Release|Any CPU.ActiveCfg = Release|Any CPU
		{82D8D794-009C-42A7-967F-CDF8281F9A1D}.Release|Any CPU.Build.0 = Release|Any CPU
		{B6A60CB0-08B4-4093-98F5-1CF4CAD2C602}.Debug|Any CPU.ActiveCfg = Debug|Any CPU
		{B6A60CB0-08B4-4093-98F5-1CF4CAD2C602}.Debug|Any CPU.Build.0 = Debug|Any CPU
		{B6A60CB0-08B4-4093-98F5-1CF4CAD2C602}.Release|Any CPU.ActiveCfg = Release|Any CPU
		{B6A60CB0-08B4-4093-98F5-1CF4CAD2C602}.Release|Any CPU.Build.0 = Release|Any CPU
		{820EF09A-2D55-4A7C-80E5-2EF3EBC2F1BC}.Debug|Any CPU.ActiveCfg = Debug|Any CPU
		{820EF09A-2D55-4A7C-80E5-2EF3EBC2F1BC}.Debug|Any CPU.Build.0 = Debug|Any CPU
		{820EF09A-2D55-4A7C-80E5-2EF3EBC2F1BC}.Release|Any CPU.ActiveCfg = Release|Any CPU
		{820EF09A-2D55-4A7C-80E5-2EF3EBC2F1BC}.Release|Any CPU.Build.0 = Release|Any CPU
	EndGlobalSection
	GlobalSection(SolutionProperties) = preSolution
		HideSolutionNode = FALSE
	EndGlobalSection
	GlobalSection(NestedProjects) = preSolution
		{F77DBDB0-FABB-4C23-93D3-AADF85F09FF9} = {5D2E5161-D1D9-4B06-A9CF-C25E43630E74}
		{E953CDA9-D030-4334-9A2D-5862CD27CD64} = {5D2E5161-D1D9-4B06-A9CF-C25E43630E74}
		{26027C54-7FC9-427C-B692-FB749FD09914} = {5D2E5161-D1D9-4B06-A9CF-C25E43630E74}
		{8C0DC461-3E3A-4450-868C-15690BEBDC4D} = {5D2E5161-D1D9-4B06-A9CF-C25E43630E74}
		{F21BC18C-B204-44B8-8C63-61CBDDAAE54E} = {5D2E5161-D1D9-4B06-A9CF-C25E43630E74}
		{40DD8B1F-FFEE-406B-99C7-D21FD696BF4A} = {5D2E5161-D1D9-4B06-A9CF-C25E43630E74}
		{4C755BCD-124D-417F-AFDB-CB0B22BA215C} = {5D2E5161-D1D9-4B06-A9CF-C25E43630E74}
		{1F912ABE-3821-4B05-876B-7B651FC1E475} = {8FA3CBED-D4B2-493E-8F04-82C8074DE8BB}
		{9862684C-2A74-45FE-AB24-9B9C0177733A} = {8FA3CBED-D4B2-493E-8F04-82C8074DE8BB}
		{82D8D794-009C-42A7-967F-CDF8281F9A1D} = {8FA3CBED-D4B2-493E-8F04-82C8074DE8BB}
		{B6A60CB0-08B4-4093-98F5-1CF4CAD2C602} = {5D2E5161-D1D9-4B06-A9CF-C25E43630E74}
		{820EF09A-2D55-4A7C-80E5-2EF3EBC2F1BC} = {8FA3CBED-D4B2-493E-8F04-82C8074DE8BB}
	EndGlobalSection
	GlobalSection(ExtensibilityGlobals) = postSolution
		SolutionGuid = {3B85B1C1-5223-48D8-87F2-F6059FC629E4}
	EndGlobalSection
EndGlobal
