
Microsoft Visual Studio Solution File, Format Version 12.00
# Visual Studio Version 17
VisualStudioVersion = 17.4.33213.308
MinimumVisualStudioVersion = 10.0.40219.1
Project("{9A19103F-16F7-4668-BE54-9A1E7A4F7556}") = "Dignite.Cms.Domain.Shared", "src\Dignite.Cms.Domain.Shared\Dignite.Cms.Domain.Shared.csproj", "{D64C1577-4929-4B60-939E-96DE1534891A}"
EndProject
Project("{9A19103F-16F7-4668-BE54-9A1E7A4F7556}") = "Dignite.Cms.Domain", "src\Dignite.Cms.Domain\Dignite.Cms.Domain.csproj", "{F2840BC7-0188-4606-9126-DADD0F5ABF7A}"
EndProject
Project("{9A19103F-16F7-4668-BE54-9A1E7A4F7556}") = "Dignite.Cms.Application.Contracts", "src\Dignite.Cms.Application.Contracts\Dignite.Cms.Application.Contracts.csproj", "{BD65D04F-08D5-40C1-8C24-77CA0BACB877}"
EndProject
Project("{9A19103F-16F7-4668-BE54-9A1E7A4F7556}") = "Dignite.Cms.Application", "src\Dignite.Cms.Application\Dignite.Cms.Application.csproj", "{78040F9E-3501-4A40-82DF-00A597710F35}"
EndProject
Project("{2150E333-8FDC-42A3-9474-1A3956D46DE8}") = "src", "src", "{649A3FFA-182F-4E56-9717-E6A9A2BEC545}"
EndProject
Project("{2150E333-8FDC-42A3-9474-1A3956D46DE8}") = "test", "test", "{CCD2960C-23CC-4AB4-B84D-60C7AAA52F4D}"
EndProject
Project("{2150E333-8FDC-42A3-9474-1A3956D46DE8}") = "host", "host", "{E400416D-2895-4512-9D17-90681EEC7E0A}"
EndProject
Project("{9A19103F-16F7-4668-BE54-9A1E7A4F7556}") = "Dignite.Cms.EntityFrameworkCore", "src\Dignite.Cms.EntityFrameworkCore\Dignite.Cms.EntityFrameworkCore.csproj", "{0CE86223-D31D-4315-A1F5-87BA3EE1B844}"
EndProject
Project("{9A19103F-16F7-4668-BE54-9A1E7A4F7556}") = "Dignite.Cms.HttpApi", "src\Dignite.Cms.HttpApi\Dignite.Cms.HttpApi.csproj", "{077AA5F8-8B61-420C-A6B5-0150A66FDB34}"
EndProject
Project("{9A19103F-16F7-4668-BE54-9A1E7A4F7556}") = "Dignite.Cms.HttpApi.Client", "src\Dignite.Cms.HttpApi.Client\Dignite.Cms.HttpApi.Client.csproj", "{36E2735F-CEAB-44C8-A6D1-2CDAFF399751}"
EndProject
Project("{9A19103F-16F7-4668-BE54-9A1E7A4F7556}") = "Dignite.Cms.TestBase", "test\Dignite.Cms.TestBase\Dignite.Cms.TestBase.csproj", "{C5BB573D-3030-4BCB-88B7-F6A85C32766C}"
EndProject
Project("{9A19103F-16F7-4668-BE54-9A1E7A4F7556}") = "Dignite.Cms.EntityFrameworkCore.Tests", "test\Dignite.Cms.EntityFrameworkCore.Tests\Dignite.Cms.EntityFrameworkCore.Tests.csproj", "{527F645C-C1FC-406E-8479-81386C8ECF13}"
EndProject
Project("{9A19103F-16F7-4668-BE54-9A1E7A4F7556}") = "Dignite.Cms.Domain.Tests", "test\Dignite.Cms.Domain.Tests\Dignite.Cms.Domain.Tests.csproj", "{E60895E5-79C4-447D-88B7-85CB5BA336A4}"
EndProject
Project("{9A19103F-16F7-4668-BE54-9A1E7A4F7556}") = "Dignite.Cms.Application.Tests", "test\Dignite.Cms.Application.Tests\Dignite.Cms.Application.Tests.csproj", "{90CB5DC4-C040-45C7-8900-9688B26405BC}"
EndProject
Project("{9A19103F-16F7-4668-BE54-9A1E7A4F7556}") = "Dignite.Cms.HttpApi.Host", "host\Dignite.Cms.HttpApi.Host\Dignite.Cms.HttpApi.Host.csproj", "{37B135B0-DAFE-4616-B25C-1BDF32FC44A2}"
EndProject
Project("{9A19103F-16F7-4668-BE54-9A1E7A4F7556}") = "Dignite.Cms.HttpApi.Client.ConsoleTestApp", "test\Dignite.Cms.HttpApi.Client.ConsoleTestApp\Dignite.Cms.HttpApi.Client.ConsoleTestApp.csproj", "{1EDCD6D4-DF3A-4E3B-ABB6-C0D0B373EAB8}"
EndProject
Project("{9A19103F-16F7-4668-BE54-9A1E7A4F7556}") = "Dignite.Cms.Web.Host", "host\Dignite.Cms.Web.Host\Dignite.Cms.Web.Host.csproj", "{73513786-B6C6-4A21-89C5-0FBDD0A46107}"
EndProject
Project("{9A19103F-16F7-4668-BE54-9A1E7A4F7556}") = "Dignite.Cms.IdentityServer", "host\Dignite.Cms.IdentityServer\Dignite.Cms.IdentityServer.csproj", "{690203F4-3CD5-4569-88D9-EE831EEA5F5F}"
EndProject
Project("{9A19103F-16F7-4668-BE54-9A1E7A4F7556}") = "Dignite.Cms.Host.Shared", "host\Dignite.Cms.Host.Shared\Dignite.Cms.Host.Shared.csproj", "{F6AC8D4A-EDD7-4514-8E8A-5BCB019864DB}"
EndProject
Project("{9A19103F-16F7-4668-BE54-9A1E7A4F7556}") = "Dignite.Cms.Blazor.Host", "host\Dignite.Cms.Blazor.Host\Dignite.Cms.Blazor.Host.csproj", "{D7E0F672-F5E2-4338-AFF4-4E5091C55A62}"
EndProject
Project("{9A19103F-16F7-4668-BE54-9A1E7A4F7556}") = "Dignite.Cms.Blazor.Server.Host", "host\Dignite.Cms.Blazor.Server.Host\Dignite.Cms.Blazor.Server.Host.csproj", "{FEA752A1-5B4E-49E9-B1F3-DDC25E41BB52}"
EndProject
Project("{9A19103F-16F7-4668-BE54-9A1E7A4F7556}") = "Dignite.Cms.Installer", "src\Dignite.Cms.Installer\Dignite.Cms.Installer.csproj", "{BE39FD00-745B-4049-8161-FC129817CBE4}"
EndProject
Project("{9A19103F-16F7-4668-BE54-9A1E7A4F7556}") = "Dignite.Cms.Admin.Application", "src\Dignite.Cms.Admin.Application\Dignite.Cms.Admin.Application.csproj", "{AB450112-7C31-413F-92A8-1444587A0BB5}"
EndProject
Project("{9A19103F-16F7-4668-BE54-9A1E7A4F7556}") = "Dignite.Cms.Admin.Application.Contracts", "src\Dignite.Cms.Admin.Application.Contracts\Dignite.Cms.Admin.Application.Contracts.csproj", "{8C639DF3-3C9A-4523-A074-AB8579128736}"
EndProject
Project("{9A19103F-16F7-4668-BE54-9A1E7A4F7556}") = "Dignite.Cms.Admin.Blazor", "src\Dignite.Cms.Admin.Blazor\Dignite.Cms.Admin.Blazor.csproj", "{94E60EB4-3E71-4748-9739-CB9AA8FCF01B}"
EndProject
Project("{9A19103F-16F7-4668-BE54-9A1E7A4F7556}") = "Dignite.Cms.Admin.Blazor.Server", "src\Dignite.Cms.Admin.Blazor.Server\Dignite.Cms.Admin.Blazor.Server.csproj", "{36D0DC4B-5EF6-48CC-AEB5-3E68B05A337E}"
EndProject
Project("{9A19103F-16F7-4668-BE54-9A1E7A4F7556}") = "Dignite.Cms.Admin.Blazor.WebAssembly", "src\Dignite.Cms.Admin.Blazor.WebAssembly\Dignite.Cms.Admin.Blazor.WebAssembly.csproj", "{391AE7CD-D250-47C2-A3D3-D3F0AA83A18A}"
EndProject
Project("{9A19103F-16F7-4668-BE54-9A1E7A4F7556}") = "Dignite.Cms.Admin.HttpApi", "src\Dignite.Cms.Admin.HttpApi\Dignite.Cms.Admin.HttpApi.csproj", "{A8E3A8A4-560C-42B7-B7C4-F5F2C65BB58F}"
EndProject
Project("{9A19103F-16F7-4668-BE54-9A1E7A4F7556}") = "Dignite.Cms.Admin.HttpApi.Client", "src\Dignite.Cms.Admin.HttpApi.Client\Dignite.Cms.Admin.HttpApi.Client.csproj", "{B09BB538-7C5B-4B37-BF2B-1DF8B9CE0E11}"
EndProject
Project("{2150E333-8FDC-42A3-9474-1A3956D46DE8}") = "admin", "admin", "{F90CC8F8-33D6-4E23-9277-52C71690B499}"
EndProject
Project("{9A19103F-16F7-4668-BE54-9A1E7A4F7556}") = "Dignite.Cms.Common.Application.Contracts", "src\Dignite.Cms.Common.Application.Contracts\Dignite.Cms.Common.Application.Contracts.csproj", "{A8CB18FC-70A0-47B5-B0E7-211C0CF348B2}"
EndProject
Project("{2150E333-8FDC-42A3-9474-1A3956D46DE8}") = "public", "public", "{5D704FEA-4818-4F15-940A-9B6D9C367A93}"
EndProject
Project("{2150E333-8FDC-42A3-9474-1A3956D46DE8}") = "core", "core", "{98D2FD9A-CA2A-45AA-B29E-F32EF0CBFE9B}"
EndProject
Project("{2150E333-8FDC-42A3-9474-1A3956D46DE8}") = "unified", "unified", "{B91F91DA-5C06-4662-8C9E-D77091E2A2A8}"
EndProject
Project("{9A19103F-16F7-4668-BE54-9A1E7A4F7556}") = "Dignite.Cms.Public.Application", "src\Dignite.Cms.Public.Application\Dignite.Cms.Public.Application.csproj", "{5A483B8B-75D8-479B-B3E7-79C210893BBD}"
EndProject
Project("{9A19103F-16F7-4668-BE54-9A1E7A4F7556}") = "Dignite.Cms.Public.Application.Contracts", "src\Dignite.Cms.Public.Application.Contracts\Dignite.Cms.Public.Application.Contracts.csproj", "{FEF97600-245C-44CD-8A7C-59BAC179E6C6}"
EndProject
Project("{9A19103F-16F7-4668-BE54-9A1E7A4F7556}") = "Dignite.Cms.Public.HttpApi", "src\Dignite.Cms.Public.HttpApi\Dignite.Cms.Public.HttpApi.csproj", "{17581F2C-0179-4B31-B16D-33B3AAEC6D00}"
EndProject
Project("{9A19103F-16F7-4668-BE54-9A1E7A4F7556}") = "Dignite.Cms.Public.HttpApi.Client", "src\Dignite.Cms.Public.HttpApi.Client\Dignite.Cms.Public.HttpApi.Client.csproj", "{E646BD0B-D0D2-4EB7-8964-539F0DAA4BCA}"
EndProject
Project("{9A19103F-16F7-4668-BE54-9A1E7A4F7556}") = "Dignite.Cms.Public.Web", "src\Dignite.Cms.Public.Web\Dignite.Cms.Public.Web.csproj", "{1EB6E0F9-C35A-4795-BC90-ABD1772390EF}"
EndProject
Project("{2150E333-8FDC-42A3-9474-1A3956D46DE8}") = "dignite-abp", "dignite-abp", "{02EA681E-C7D8-13C7-8484-4AC65E1B71E8}"
EndProject
Project("{FAE04EC0-301F-11D3-BF4B-00C04F79EFBC}") = "Dignite.Abp.AspNetCore.Mvc.UI.Theme.Pure", "..\pure-theme\src\Dignite.Abp.AspNetCore.Mvc.UI.Theme.Pure\Dignite.Abp.AspNetCore.Mvc.UI.Theme.Pure.csproj", "{1E8B587B-B19D-6D5E-440A-81288AE81A1A}"
EndProject
Project("{FAE04EC0-301F-11D3-BF4B-00C04F79EFBC}") = "Dignite.Abp.AspNetCore.Mvc.Regionalization", "..\..\framework\src\Dignite.Abp.AspNetCore.Mvc.Regionalization\Dignite.Abp.AspNetCore.Mvc.Regionalization.csproj", "{E0C2FB57-0CF9-5014-A6FC-40719257C961}"
EndProject
Project("{FAE04EC0-301F-11D3-BF4B-00C04F79EFBC}") = "Dignite.Abp.TenantLocalization", "..\..\framework\src\Dignite.Abp.TenantLocalization\Dignite.Abp.TenantLocalization.csproj", "{072AEF61-90A1-16E9-8592-FF879054297D}"
EndProject
Global
	GlobalSection(SolutionConfigurationPlatforms) = preSolution
		Debug|Any CPU = Debug|Any CPU
		Release|Any CPU = Release|Any CPU
	EndGlobalSection
	GlobalSection(ProjectConfigurationPlatforms) = postSolution
		{D64C1577-4929-4B60-939E-96DE1534891A}.Debug|Any CPU.ActiveCfg = Debug|Any CPU
		{D64C1577-4929-4B60-939E-96DE1534891A}.Debug|Any CPU.Build.0 = Debug|Any CPU
		{D64C1577-4929-4B60-939E-96DE1534891A}.Release|Any CPU.ActiveCfg = Release|Any CPU
		{D64C1577-4929-4B60-939E-96DE1534891A}.Release|Any CPU.Build.0 = Release|Any CPU
		{F2840BC7-0188-4606-9126-DADD0F5ABF7A}.Debug|Any CPU.ActiveCfg = Debug|Any CPU
		{F2840BC7-0188-4606-9126-DADD0F5ABF7A}.Debug|Any CPU.Build.0 = Debug|Any CPU
		{F2840BC7-0188-4606-9126-DADD0F5ABF7A}.Release|Any CPU.ActiveCfg = Release|Any CPU
		{F2840BC7-0188-4606-9126-DADD0F5ABF7A}.Release|Any CPU.Build.0 = Release|Any CPU
		{BD65D04F-08D5-40C1-8C24-77CA0BACB877}.Debug|Any CPU.ActiveCfg = Debug|Any CPU
		{BD65D04F-08D5-40C1-8C24-77CA0BACB877}.Debug|Any CPU.Build.0 = Debug|Any CPU
		{BD65D04F-08D5-40C1-8C24-77CA0BACB877}.Release|Any CPU.ActiveCfg = Release|Any CPU
		{BD65D04F-08D5-40C1-8C24-77CA0BACB877}.Release|Any CPU.Build.0 = Release|Any CPU
		{78040F9E-3501-4A40-82DF-00A597710F35}.Debug|Any CPU.ActiveCfg = Debug|Any CPU
		{78040F9E-3501-4A40-82DF-00A597710F35}.Debug|Any CPU.Build.0 = Debug|Any CPU
		{78040F9E-3501-4A40-82DF-00A597710F35}.Release|Any CPU.ActiveCfg = Release|Any CPU
		{78040F9E-3501-4A40-82DF-00A597710F35}.Release|Any CPU.Build.0 = Release|Any CPU
		{0CE86223-D31D-4315-A1F5-87BA3EE1B844}.Debug|Any CPU.ActiveCfg = Debug|Any CPU
		{0CE86223-D31D-4315-A1F5-87BA3EE1B844}.Debug|Any CPU.Build.0 = Debug|Any CPU
		{0CE86223-D31D-4315-A1F5-87BA3EE1B844}.Release|Any CPU.ActiveCfg = Release|Any CPU
		{0CE86223-D31D-4315-A1F5-87BA3EE1B844}.Release|Any CPU.Build.0 = Release|Any CPU
		{077AA5F8-8B61-420C-A6B5-0150A66FDB34}.Debug|Any CPU.ActiveCfg = Debug|Any CPU
		{077AA5F8-8B61-420C-A6B5-0150A66FDB34}.Debug|Any CPU.Build.0 = Debug|Any CPU
		{077AA5F8-8B61-420C-A6B5-0150A66FDB34}.Release|Any CPU.ActiveCfg = Release|Any CPU
		{077AA5F8-8B61-420C-A6B5-0150A66FDB34}.Release|Any CPU.Build.0 = Release|Any CPU
		{36E2735F-CEAB-44C8-A6D1-2CDAFF399751}.Debug|Any CPU.ActiveCfg = Debug|Any CPU
		{36E2735F-CEAB-44C8-A6D1-2CDAFF399751}.Debug|Any CPU.Build.0 = Debug|Any CPU
		{36E2735F-CEAB-44C8-A6D1-2CDAFF399751}.Release|Any CPU.ActiveCfg = Release|Any CPU
		{36E2735F-CEAB-44C8-A6D1-2CDAFF399751}.Release|Any CPU.Build.0 = Release|Any CPU
		{C5BB573D-3030-4BCB-88B7-F6A85C32766C}.Debug|Any CPU.ActiveCfg = Debug|Any CPU
		{C5BB573D-3030-4BCB-88B7-F6A85C32766C}.Debug|Any CPU.Build.0 = Debug|Any CPU
		{C5BB573D-3030-4BCB-88B7-F6A85C32766C}.Release|Any CPU.ActiveCfg = Release|Any CPU
		{C5BB573D-3030-4BCB-88B7-F6A85C32766C}.Release|Any CPU.Build.0 = Release|Any CPU
		{527F645C-C1FC-406E-8479-81386C8ECF13}.Debug|Any CPU.ActiveCfg = Debug|Any CPU
		{527F645C-C1FC-406E-8479-81386C8ECF13}.Debug|Any CPU.Build.0 = Debug|Any CPU
		{527F645C-C1FC-406E-8479-81386C8ECF13}.Release|Any CPU.ActiveCfg = Release|Any CPU
		{527F645C-C1FC-406E-8479-81386C8ECF13}.Release|Any CPU.Build.0 = Release|Any CPU
		{E60895E5-79C4-447D-88B7-85CB5BA336A4}.Debug|Any CPU.ActiveCfg = Debug|Any CPU
		{E60895E5-79C4-447D-88B7-85CB5BA336A4}.Debug|Any CPU.Build.0 = Debug|Any CPU
		{E60895E5-79C4-447D-88B7-85CB5BA336A4}.Release|Any CPU.ActiveCfg = Release|Any CPU
		{E60895E5-79C4-447D-88B7-85CB5BA336A4}.Release|Any CPU.Build.0 = Release|Any CPU
		{90CB5DC4-C040-45C7-8900-9688B26405BC}.Debug|Any CPU.ActiveCfg = Debug|Any CPU
		{90CB5DC4-C040-45C7-8900-9688B26405BC}.Debug|Any CPU.Build.0 = Debug|Any CPU
		{90CB5DC4-C040-45C7-8900-9688B26405BC}.Release|Any CPU.ActiveCfg = Release|Any CPU
		{90CB5DC4-C040-45C7-8900-9688B26405BC}.Release|Any CPU.Build.0 = Release|Any CPU
		{37B135B0-DAFE-4616-B25C-1BDF32FC44A2}.Debug|Any CPU.ActiveCfg = Debug|Any CPU
		{37B135B0-DAFE-4616-B25C-1BDF32FC44A2}.Debug|Any CPU.Build.0 = Debug|Any CPU
		{37B135B0-DAFE-4616-B25C-1BDF32FC44A2}.Release|Any CPU.ActiveCfg = Release|Any CPU
		{37B135B0-DAFE-4616-B25C-1BDF32FC44A2}.Release|Any CPU.Build.0 = Release|Any CPU
		{1EDCD6D4-DF3A-4E3B-ABB6-C0D0B373EAB8}.Debug|Any CPU.ActiveCfg = Debug|Any CPU
		{1EDCD6D4-DF3A-4E3B-ABB6-C0D0B373EAB8}.Debug|Any CPU.Build.0 = Debug|Any CPU
		{1EDCD6D4-DF3A-4E3B-ABB6-C0D0B373EAB8}.Release|Any CPU.ActiveCfg = Release|Any CPU
		{1EDCD6D4-DF3A-4E3B-ABB6-C0D0B373EAB8}.Release|Any CPU.Build.0 = Release|Any CPU
		{73513786-B6C6-4A21-89C5-0FBDD0A46107}.Debug|Any CPU.ActiveCfg = Debug|Any CPU
		{73513786-B6C6-4A21-89C5-0FBDD0A46107}.Debug|Any CPU.Build.0 = Debug|Any CPU
		{73513786-B6C6-4A21-89C5-0FBDD0A46107}.Release|Any CPU.ActiveCfg = Release|Any CPU
		{73513786-B6C6-4A21-89C5-0FBDD0A46107}.Release|Any CPU.Build.0 = Release|Any CPU
		{690203F4-3CD5-4569-88D9-EE831EEA5F5F}.Debug|Any CPU.ActiveCfg = Debug|Any CPU
		{690203F4-3CD5-4569-88D9-EE831EEA5F5F}.Debug|Any CPU.Build.0 = Debug|Any CPU
		{690203F4-3CD5-4569-88D9-EE831EEA5F5F}.Release|Any CPU.ActiveCfg = Release|Any CPU
		{690203F4-3CD5-4569-88D9-EE831EEA5F5F}.Release|Any CPU.Build.0 = Release|Any CPU
		{F6AC8D4A-EDD7-4514-8E8A-5BCB019864DB}.Debug|Any CPU.ActiveCfg = Debug|Any CPU
		{F6AC8D4A-EDD7-4514-8E8A-5BCB019864DB}.Debug|Any CPU.Build.0 = Debug|Any CPU
		{F6AC8D4A-EDD7-4514-8E8A-5BCB019864DB}.Release|Any CPU.ActiveCfg = Release|Any CPU
		{F6AC8D4A-EDD7-4514-8E8A-5BCB019864DB}.Release|Any CPU.Build.0 = Release|Any CPU
		{D7E0F672-F5E2-4338-AFF4-4E5091C55A62}.Debug|Any CPU.ActiveCfg = Debug|Any CPU
		{D7E0F672-F5E2-4338-AFF4-4E5091C55A62}.Debug|Any CPU.Build.0 = Debug|Any CPU
		{D7E0F672-F5E2-4338-AFF4-4E5091C55A62}.Release|Any CPU.ActiveCfg = Release|Any CPU
		{D7E0F672-F5E2-4338-AFF4-4E5091C55A62}.Release|Any CPU.Build.0 = Release|Any CPU
		{FEA752A1-5B4E-49E9-B1F3-DDC25E41BB52}.Debug|Any CPU.ActiveCfg = Debug|Any CPU
		{FEA752A1-5B4E-49E9-B1F3-DDC25E41BB52}.Debug|Any CPU.Build.0 = Debug|Any CPU
		{FEA752A1-5B4E-49E9-B1F3-DDC25E41BB52}.Release|Any CPU.ActiveCfg = Release|Any CPU
		{FEA752A1-5B4E-49E9-B1F3-DDC25E41BB52}.Release|Any CPU.Build.0 = Release|Any CPU
		{BE39FD00-745B-4049-8161-FC129817CBE4}.Debug|Any CPU.ActiveCfg = Debug|Any CPU
		{BE39FD00-745B-4049-8161-FC129817CBE4}.Debug|Any CPU.Build.0 = Debug|Any CPU
		{BE39FD00-745B-4049-8161-FC129817CBE4}.Release|Any CPU.ActiveCfg = Release|Any CPU
		{BE39FD00-745B-4049-8161-FC129817CBE4}.Release|Any CPU.Build.0 = Release|Any CPU
		{AB450112-7C31-413F-92A8-1444587A0BB5}.Debug|Any CPU.ActiveCfg = Debug|Any CPU
		{AB450112-7C31-413F-92A8-1444587A0BB5}.Debug|Any CPU.Build.0 = Debug|Any CPU
		{AB450112-7C31-413F-92A8-1444587A0BB5}.Release|Any CPU.ActiveCfg = Release|Any CPU
		{AB450112-7C31-413F-92A8-1444587A0BB5}.Release|Any CPU.Build.0 = Release|Any CPU
		{8C639DF3-3C9A-4523-A074-AB8579128736}.Debug|Any CPU.ActiveCfg = Debug|Any CPU
		{8C639DF3-3C9A-4523-A074-AB8579128736}.Debug|Any CPU.Build.0 = Debug|Any CPU
		{8C639DF3-3C9A-4523-A074-AB8579128736}.Release|Any CPU.ActiveCfg = Release|Any CPU
		{8C639DF3-3C9A-4523-A074-AB8579128736}.Release|Any CPU.Build.0 = Release|Any CPU
		{94E60EB4-3E71-4748-9739-CB9AA8FCF01B}.Debug|Any CPU.ActiveCfg = Debug|Any CPU
		{94E60EB4-3E71-4748-9739-CB9AA8FCF01B}.Debug|Any CPU.Build.0 = Debug|Any CPU
		{94E60EB4-3E71-4748-9739-CB9AA8FCF01B}.Release|Any CPU.ActiveCfg = Release|Any CPU
		{94E60EB4-3E71-4748-9739-CB9AA8FCF01B}.Release|Any CPU.Build.0 = Release|Any CPU
		{36D0DC4B-5EF6-48CC-AEB5-3E68B05A337E}.Debug|Any CPU.ActiveCfg = Debug|Any CPU
		{36D0DC4B-5EF6-48CC-AEB5-3E68B05A337E}.Debug|Any CPU.Build.0 = Debug|Any CPU
		{36D0DC4B-5EF6-48CC-AEB5-3E68B05A337E}.Release|Any CPU.ActiveCfg = Release|Any CPU
		{36D0DC4B-5EF6-48CC-AEB5-3E68B05A337E}.Release|Any CPU.Build.0 = Release|Any CPU
		{391AE7CD-D250-47C2-A3D3-D3F0AA83A18A}.Debug|Any CPU.ActiveCfg = Debug|Any CPU
		{391AE7CD-D250-47C2-A3D3-D3F0AA83A18A}.Debug|Any CPU.Build.0 = Debug|Any CPU
		{391AE7CD-D250-47C2-A3D3-D3F0AA83A18A}.Release|Any CPU.ActiveCfg = Release|Any CPU
		{391AE7CD-D250-47C2-A3D3-D3F0AA83A18A}.Release|Any CPU.Build.0 = Release|Any CPU
		{A8E3A8A4-560C-42B7-B7C4-F5F2C65BB58F}.Debug|Any CPU.ActiveCfg = Debug|Any CPU
		{A8E3A8A4-560C-42B7-B7C4-F5F2C65BB58F}.Debug|Any CPU.Build.0 = Debug|Any CPU
		{A8E3A8A4-560C-42B7-B7C4-F5F2C65BB58F}.Release|Any CPU.ActiveCfg = Release|Any CPU
		{A8E3A8A4-560C-42B7-B7C4-F5F2C65BB58F}.Release|Any CPU.Build.0 = Release|Any CPU
		{B09BB538-7C5B-4B37-BF2B-1DF8B9CE0E11}.Debug|Any CPU.ActiveCfg = Debug|Any CPU
		{B09BB538-7C5B-4B37-BF2B-1DF8B9CE0E11}.Debug|Any CPU.Build.0 = Debug|Any CPU
		{B09BB538-7C5B-4B37-BF2B-1DF8B9CE0E11}.Release|Any CPU.ActiveCfg = Release|Any CPU
		{B09BB538-7C5B-4B37-BF2B-1DF8B9CE0E11}.Release|Any CPU.Build.0 = Release|Any CPU
		{A8CB18FC-70A0-47B5-B0E7-211C0CF348B2}.Debug|Any CPU.ActiveCfg = Debug|Any CPU
		{A8CB18FC-70A0-47B5-B0E7-211C0CF348B2}.Debug|Any CPU.Build.0 = Debug|Any CPU
		{A8CB18FC-70A0-47B5-B0E7-211C0CF348B2}.Release|Any CPU.ActiveCfg = Release|Any CPU
		{A8CB18FC-70A0-47B5-B0E7-211C0CF348B2}.Release|Any CPU.Build.0 = Release|Any CPU
		{5A483B8B-75D8-479B-B3E7-79C210893BBD}.Debug|Any CPU.ActiveCfg = Debug|Any CPU
		{5A483B8B-75D8-479B-B3E7-79C210893BBD}.Debug|Any CPU.Build.0 = Debug|Any CPU
		{5A483B8B-75D8-479B-B3E7-79C210893BBD}.Release|Any CPU.ActiveCfg = Release|Any CPU
		{5A483B8B-75D8-479B-B3E7-79C210893BBD}.Release|Any CPU.Build.0 = Release|Any CPU
		{FEF97600-245C-44CD-8A7C-59BAC179E6C6}.Debug|Any CPU.ActiveCfg = Debug|Any CPU
		{FEF97600-245C-44CD-8A7C-59BAC179E6C6}.Debug|Any CPU.Build.0 = Debug|Any CPU
		{FEF97600-245C-44CD-8A7C-59BAC179E6C6}.Release|Any CPU.ActiveCfg = Release|Any CPU
		{FEF97600-245C-44CD-8A7C-59BAC179E6C6}.Release|Any CPU.Build.0 = Release|Any CPU
		{17581F2C-0179-4B31-B16D-33B3AAEC6D00}.Debug|Any CPU.ActiveCfg = Debug|Any CPU
		{17581F2C-0179-4B31-B16D-33B3AAEC6D00}.Debug|Any CPU.Build.0 = Debug|Any CPU
		{17581F2C-0179-4B31-B16D-33B3AAEC6D00}.Release|Any CPU.ActiveCfg = Release|Any CPU
		{17581F2C-0179-4B31-B16D-33B3AAEC6D00}.Release|Any CPU.Build.0 = Release|Any CPU
		{E646BD0B-D0D2-4EB7-8964-539F0DAA4BCA}.Debug|Any CPU.ActiveCfg = Debug|Any CPU
		{E646BD0B-D0D2-4EB7-8964-539F0DAA4BCA}.Debug|Any CPU.Build.0 = Debug|Any CPU
		{E646BD0B-D0D2-4EB7-8964-539F0DAA4BCA}.Release|Any CPU.ActiveCfg = Release|Any CPU
		{E646BD0B-D0D2-4EB7-8964-539F0DAA4BCA}.Release|Any CPU.Build.0 = Release|Any CPU
		{1EB6E0F9-C35A-4795-BC90-ABD1772390EF}.Debug|Any CPU.ActiveCfg = Debug|Any CPU
		{1EB6E0F9-C35A-4795-BC90-ABD1772390EF}.Debug|Any CPU.Build.0 = Debug|Any CPU
		{1EB6E0F9-C35A-4795-BC90-ABD1772390EF}.Release|Any CPU.ActiveCfg = Release|Any CPU
		{1EB6E0F9-C35A-4795-BC90-ABD1772390EF}.Release|Any CPU.Build.0 = Release|Any CPU
		{1E8B587B-B19D-6D5E-440A-81288AE81A1A}.Debug|Any CPU.ActiveCfg = Debug|Any CPU
		{1E8B587B-B19D-6D5E-440A-81288AE81A1A}.Debug|Any CPU.Build.0 = Debug|Any CPU
		{1E8B587B-B19D-6D5E-440A-81288AE81A1A}.Release|Any CPU.ActiveCfg = Release|Any CPU
		{1E8B587B-B19D-6D5E-440A-81288AE81A1A}.Release|Any CPU.Build.0 = Release|Any CPU
		{E0C2FB57-0CF9-5014-A6FC-40719257C961}.Debug|Any CPU.ActiveCfg = Debug|Any CPU
		{E0C2FB57-0CF9-5014-A6FC-40719257C961}.Debug|Any CPU.Build.0 = Debug|Any CPU
		{E0C2FB57-0CF9-5014-A6FC-40719257C961}.Release|Any CPU.ActiveCfg = Release|Any CPU
		{E0C2FB57-0CF9-5014-A6FC-40719257C961}.Release|Any CPU.Build.0 = Release|Any CPU
		{072AEF61-90A1-16E9-8592-FF879054297D}.Debug|Any CPU.ActiveCfg = Debug|Any CPU
		{072AEF61-90A1-16E9-8592-FF879054297D}.Debug|Any CPU.Build.0 = Debug|Any CPU
		{072AEF61-90A1-16E9-8592-FF879054297D}.Release|Any CPU.ActiveCfg = Release|Any CPU
		{072AEF61-90A1-16E9-8592-FF879054297D}.Release|Any CPU.Build.0 = Release|Any CPU
	EndGlobalSection
	GlobalSection(SolutionProperties) = preSolution
		HideSolutionNode = FALSE
	EndGlobalSection
	GlobalSection(NestedProjects) = preSolution
		{D64C1577-4929-4B60-939E-96DE1534891A} = {98D2FD9A-CA2A-45AA-B29E-F32EF0CBFE9B}
		{F2840BC7-0188-4606-9126-DADD0F5ABF7A} = {98D2FD9A-CA2A-45AA-B29E-F32EF0CBFE9B}
		{BD65D04F-08D5-40C1-8C24-77CA0BACB877} = {B91F91DA-5C06-4662-8C9E-D77091E2A2A8}
		{78040F9E-3501-4A40-82DF-00A597710F35} = {B91F91DA-5C06-4662-8C9E-D77091E2A2A8}
		{0CE86223-D31D-4315-A1F5-87BA3EE1B844} = {98D2FD9A-CA2A-45AA-B29E-F32EF0CBFE9B}
		{077AA5F8-8B61-420C-A6B5-0150A66FDB34} = {B91F91DA-5C06-4662-8C9E-D77091E2A2A8}
		{36E2735F-CEAB-44C8-A6D1-2CDAFF399751} = {B91F91DA-5C06-4662-8C9E-D77091E2A2A8}
		{C5BB573D-3030-4BCB-88B7-F6A85C32766C} = {CCD2960C-23CC-4AB4-B84D-60C7AAA52F4D}
		{527F645C-C1FC-406E-8479-81386C8ECF13} = {CCD2960C-23CC-4AB4-B84D-60C7AAA52F4D}
		{E60895E5-79C4-447D-88B7-85CB5BA336A4} = {CCD2960C-23CC-4AB4-B84D-60C7AAA52F4D}
		{90CB5DC4-C040-45C7-8900-9688B26405BC} = {CCD2960C-23CC-4AB4-B84D-60C7AAA52F4D}
		{37B135B0-DAFE-4616-B25C-1BDF32FC44A2} = {E400416D-2895-4512-9D17-90681EEC7E0A}
		{1EDCD6D4-DF3A-4E3B-ABB6-C0D0B373EAB8} = {CCD2960C-23CC-4AB4-B84D-60C7AAA52F4D}
		{73513786-B6C6-4A21-89C5-0FBDD0A46107} = {E400416D-2895-4512-9D17-90681EEC7E0A}
		{690203F4-3CD5-4569-88D9-EE831EEA5F5F} = {E400416D-2895-4512-9D17-90681EEC7E0A}
		{F6AC8D4A-EDD7-4514-8E8A-5BCB019864DB} = {E400416D-2895-4512-9D17-90681EEC7E0A}
		{D7E0F672-F5E2-4338-AFF4-4E5091C55A62} = {E400416D-2895-4512-9D17-90681EEC7E0A}
		{FEA752A1-5B4E-49E9-B1F3-DDC25E41BB52} = {E400416D-2895-4512-9D17-90681EEC7E0A}
		{BE39FD00-745B-4049-8161-FC129817CBE4} = {98D2FD9A-CA2A-45AA-B29E-F32EF0CBFE9B}
		{AB450112-7C31-413F-92A8-1444587A0BB5} = {F90CC8F8-33D6-4E23-9277-52C71690B499}
		{8C639DF3-3C9A-4523-A074-AB8579128736} = {F90CC8F8-33D6-4E23-9277-52C71690B499}
		{94E60EB4-3E71-4748-9739-CB9AA8FCF01B} = {F90CC8F8-33D6-4E23-9277-52C71690B499}
		{36D0DC4B-5EF6-48CC-AEB5-3E68B05A337E} = {F90CC8F8-33D6-4E23-9277-52C71690B499}
		{391AE7CD-D250-47C2-A3D3-D3F0AA83A18A} = {F90CC8F8-33D6-4E23-9277-52C71690B499}
		{A8E3A8A4-560C-42B7-B7C4-F5F2C65BB58F} = {F90CC8F8-33D6-4E23-9277-52C71690B499}
		{B09BB538-7C5B-4B37-BF2B-1DF8B9CE0E11} = {F90CC8F8-33D6-4E23-9277-52C71690B499}
		{F90CC8F8-33D6-4E23-9277-52C71690B499} = {649A3FFA-182F-4E56-9717-E6A9A2BEC545}
		{A8CB18FC-70A0-47B5-B0E7-211C0CF348B2} = {98D2FD9A-CA2A-45AA-B29E-F32EF0CBFE9B}
		{5D704FEA-4818-4F15-940A-9B6D9C367A93} = {649A3FFA-182F-4E56-9717-E6A9A2BEC545}
		{98D2FD9A-CA2A-45AA-B29E-F32EF0CBFE9B} = {649A3FFA-182F-4E56-9717-E6A9A2BEC545}
		{B91F91DA-5C06-4662-8C9E-D77091E2A2A8} = {649A3FFA-182F-4E56-9717-E6A9A2BEC545}
		{5A483B8B-75D8-479B-B3E7-79C210893BBD} = {5D704FEA-4818-4F15-940A-9B6D9C367A93}
		{FEF97600-245C-44CD-8A7C-59BAC179E6C6} = {5D704FEA-4818-4F15-940A-9B6D9C367A93}
		{17581F2C-0179-4B31-B16D-33B3AAEC6D00} = {5D704FEA-4818-4F15-940A-9B6D9C367A93}
		{E646BD0B-D0D2-4EB7-8964-539F0DAA4BCA} = {5D704FEA-4818-4F15-940A-9B6D9C367A93}
		{1EB6E0F9-C35A-4795-BC90-ABD1772390EF} = {5D704FEA-4818-4F15-940A-9B6D9C367A93}
		{1E8B587B-B19D-6D5E-440A-81288AE81A1A} = {02EA681E-C7D8-13C7-8484-4AC65E1B71E8}
		{E0C2FB57-0CF9-5014-A6FC-40719257C961} = {02EA681E-C7D8-13C7-8484-4AC65E1B71E8}
		{072AEF61-90A1-16E9-8592-FF879054297D} = {02EA681E-C7D8-13C7-8484-4AC65E1B71E8}
	EndGlobalSection
	GlobalSection(ExtensibilityGlobals) = postSolution
		SolutionGuid = {4324B3B4-B60B-4E3C-91D8-59576B4E26DD}
	EndGlobalSection
EndGlobal
