
Microsoft Visual Studio Solution File, Format Version 12.00
# Visual Studio Version 17
VisualStudioVersion = 17.0.31912.275
MinimumVisualStudioVersion = 10.0.40219.1
Project("{2150E333-8FDC-42A3-9474-1A3956D46DE8}") = "src", "src", "{7869E1B7-6CC9-4C08-9B94-85D21A5F5968}"
EndProject
Project("{2150E333-8FDC-42A3-9474-1A3956D46DE8}") = "test", "test", "{64061EF0-B5E7-45B6-A0C1-639B7D44E921}"
EndProject
Project("{9A19103F-16F7-4668-BE54-9A1E7A4F7556}") = "Dignite.Abp.Notifications.SignalRNotifier", "src\Dignite.Abp.Notifications.SignalRNotifier\Dignite.Abp.Notifications.SignalRNotifier.csproj", "{3AA740A0-6FD9-47B9-B86B-773C35152AE8}"
EndProject
Project("{9A19103F-16F7-4668-BE54-9A1E7A4F7556}") = "Dignite.Abp.Notifications", "src\Dignite.Abp.Notifications\Dignite.Abp.Notifications.csproj", "{39D5ED2D-C23D-44DD-8B7C-EF8CA9603DC3}"
EndProject
Project("{9A19103F-16F7-4668-BE54-9A1E7A4F7556}") = "Dignite.Abp.DynamicForms.Tests", "test\Dignite.Abp.DynamicForms.Tests\Dignite.Abp.DynamicForms.Tests.csproj", "{02A0C261-0677-4A47-B3DF-4E09C243284C}"
EndProject
Project("{9A19103F-16F7-4668-BE54-9A1E7A4F7556}") = "Dignite.Abp.DynamicForms.Components", "src\Dignite.Abp.DynamicForms.Components\Dignite.Abp.DynamicForms.Components.csproj", "{9941467B-B90F-4350-974A-560BBED36AAC}"
EndProject
Project("{9A19103F-16F7-4668-BE54-9A1E7A4F7556}") = "Dignite.Abp.Notifications.Tests", "test\Dignite.Abp.Notifications.Tests\Dignite.Abp.Notifications.Tests.csproj", "{D4C33144-5332-4DAE-9BD6-995E2A390EA6}"
EndProject
Project("{9A19103F-16F7-4668-BE54-9A1E7A4F7556}") = "Dignite.Abp.BlazoriseUI", "src\Dignite.Abp.BlazoriseUI\Dignite.Abp.BlazoriseUI.csproj", "{49BA4C20-332E-4FE1-BBB6-0DB97671802C}"
EndProject
Project("{9A19103F-16F7-4668-BE54-9A1E7A4F7556}") = "Dignite.Abp.Notifications.Shared", "src\Dignite.Abp.Notifications.Shared\Dignite.Abp.Notifications.Shared.csproj", "{B5968CC1-D705-4325-8A52-0B215C4D3F69}"
EndProject
Project("{9A19103F-16F7-4668-BE54-9A1E7A4F7556}") = "AbpTestBase", "test\AbpTestBase\AbpTestBase.csproj", "{3B5F7D3F-5363-48D9-96F6-998157B7C131}"
EndProject
Project("{9A19103F-16F7-4668-BE54-9A1E7A4F7556}") = "Dignite.Abp.DynamicForms.Components.Tests", "test\Dignite.Abp.DynamicForms.Components.Tests\Dignite.Abp.DynamicForms.Components.Tests.csproj", "{9339371C-24EC-4DF6-9C22-A635F82081F4}"
EndProject
Project("{9A19103F-16F7-4668-BE54-9A1E7A4F7556}") = "Dignite.Abp.Notifications.Components", "src\Dignite.Abp.Notifications.Components\Dignite.Abp.Notifications.Components.csproj", "{A829CA8B-5C8F-4A14-81F3-7CBBF2199051}"
EndProject
Project("{9A19103F-16F7-4668-BE54-9A1E7A4F7556}") = "Dignite.Abp.DynamicForms.Components.BlazoriseUI", "src\Dignite.Abp.DynamicForms.Components.BlazoriseUI\Dignite.Abp.DynamicForms.Components.BlazoriseUI.csproj", "{0B885452-E9ED-4E74-8D65-FB2990B70458}"
EndProject
Project("{9A19103F-16F7-4668-BE54-9A1E7A4F7556}") = "Dignite.Abp.DynamicForms", "src\Dignite.Abp.DynamicForms\Dignite.Abp.DynamicForms.csproj", "{AD8B2A4E-B10C-4B86-A932-BDB4E2FB7269}"
EndProject
Project("{9A19103F-16F7-4668-BE54-9A1E7A4F7556}") = "Dignite.Abp.MultiTenancyLocalization", "src\Dignite.Abp.MultiTenancyLocalization\Dignite.Abp.MultiTenancyLocalization.csproj", "{87EB042B-ACF7-4FA5-8553-15EBED66139E}"
EndProject
Project("{9A19103F-16F7-4668-BE54-9A1E7A4F7556}") = "Dignite.Abp.AspNetCore.Mvc.UI.MultiTenancyTheme", "src\Dignite.Abp.AspNetCore.Mvc.UI.MultiTenancyTheme\Dignite.Abp.AspNetCore.Mvc.UI.MultiTenancyTheme.csproj", "{E3847E4D-F283-4BA6-BA15-F1C9E723DD74}"
EndProject
Project("{9A19103F-16F7-4668-BE54-9A1E7A4F7556}") = "Dignite.Abp.Points", "src\Dignite.Abp.Points\Dignite.Abp.Points.csproj", "{19404858-29C0-4223-9393-E40F4C8F255E}"
EndProject
Project("{9A19103F-16F7-4668-BE54-9A1E7A4F7556}") = "Dignite.Abp.Points.Tests", "test\Dignite.Abp.Points.Tests\Dignite.Abp.Points.Tests.csproj", "{929C7920-03E5-4D47-A36E-F3D225357481}"
EndProject
Project("{FAE04EC0-301F-11D3-BF4B-00C04F79EFBC}") = "Dignite.Abp.Regionalization", "src\Dignite.Abp.Regionalization\Dignite.Abp.Regionalization.csproj", "{3D5E3D77-8032-483C-9111-F3C8B70F1B6D}"
EndProject
Project("{FAE04EC0-301F-11D3-BF4B-00C04F79EFBC}") = "Dignite.Abp.AspNetCore.Mvc.Regionalization", "src\Dignite.Abp.AspNetCore.Mvc.Regionalization\Dignite.Abp.AspNetCore.Mvc.Regionalization.csproj", "{CB2883AD-4FAF-4AEF-AD18-0214817E5521}"
EndProject
Project("{FAE04EC0-301F-11D3-BF4B-00C04F79EFBC}") = "Dignite.Abp.TenantDomain", "src\Dignite.Abp.TenantDomain\Dignite.Abp.TenantDomain.csproj", "{0C165EE8-CD87-4A03-912E-2D9D8F18A559}"
EndProject
Project("{FAE04EC0-301F-11D3-BF4B-00C04F79EFBC}") = "Dignite.Abp.TenantDomain.Caddy", "src\Dignite.Abp.TenantDomain.Caddy\Dignite.Abp.TenantDomain.Caddy.csproj", "{52193BB7-76F4-4154-9F6D-0840769990F5}"
EndProject
Project("{FAE04EC0-301F-11D3-BF4B-00C04F79EFBC}") = "Dignite.Abp.TenantDomain.OpenIddict", "src\Dignite.Abp.TenantDomain.OpenIddict\Dignite.Abp.TenantDomain.OpenIddict.csproj", "{A54E50B0-214D-43EB-AAFC-788DD32D9997}"
EndProject
Project("{FAE04EC0-301F-11D3-BF4B-00C04F79EFBC}") = "Dignite.Abp.TenantDomain.OpenIddict.Tests", "test\Dignite.Abp.TenantDomain.OpenIddict.Tests\Dignite.Abp.TenantDomain.OpenIddict.Tests.csproj", "{E05A1FDF-DDD1-4B31-8B2F-D7D9CD5BB9C4}"
EndProject
Project("{FAE04EC0-301F-11D3-BF4B-00C04F79EFBC}") = "Dignite.Abp.TenantDomain.Caddy.Tests", "test\Dignite.Abp.TenantDomain.Caddy.Tests\Dignite.Abp.TenantDomain.Caddy.Tests.csproj", "{1AB958CE-9227-4DAC-94BC-4BFF6166BC89}"
EndProject
Project("{FAE04EC0-301F-11D3-BF4B-00C04F79EFBC}") = "Dignite.Abp.Seo", "src\Dignite.Abp.Seo\Dignite.Abp.Seo.csproj", "{6B458259-E09E-4EF1-B7FA-1E87B4E4AD2B}"
EndProject
Project("{FAE04EC0-301F-11D3-BF4B-00C04F79EFBC}") = "Dignite.Abp.Caddy", "src\Dignite.Abp.Caddy\Dignite.Abp.Caddy.csproj", "{AA356E2B-BFA7-4717-9685-D954464FFE16}"
EndProject
Global
	GlobalSection(SolutionConfigurationPlatforms) = preSolution
		Debug|Any CPU = Debug|Any CPU
		Release|Any CPU = Release|Any CPU
	EndGlobalSection
	GlobalSection(ProjectConfigurationPlatforms) = postSolution
		{3AA740A0-6FD9-47B9-B86B-773C35152AE8}.Debug|Any CPU.ActiveCfg = Debug|Any CPU
		{3AA740A0-6FD9-47B9-B86B-773C35152AE8}.Debug|Any CPU.Build.0 = Debug|Any CPU
		{3AA740A0-6FD9-47B9-B86B-773C35152AE8}.Release|Any CPU.ActiveCfg = Release|Any CPU
		{3AA740A0-6FD9-47B9-B86B-773C35152AE8}.Release|Any CPU.Build.0 = Release|Any CPU
		{39D5ED2D-C23D-44DD-8B7C-EF8CA9603DC3}.Debug|Any CPU.ActiveCfg = Debug|Any CPU
		{39D5ED2D-C23D-44DD-8B7C-EF8CA9603DC3}.Debug|Any CPU.Build.0 = Debug|Any CPU
		{39D5ED2D-C23D-44DD-8B7C-EF8CA9603DC3}.Release|Any CPU.ActiveCfg = Release|Any CPU
		{39D5ED2D-C23D-44DD-8B7C-EF8CA9603DC3}.Release|Any CPU.Build.0 = Release|Any CPU
		{02A0C261-0677-4A47-B3DF-4E09C243284C}.Debug|Any CPU.ActiveCfg = Debug|Any CPU
		{02A0C261-0677-4A47-B3DF-4E09C243284C}.Debug|Any CPU.Build.0 = Debug|Any CPU
		{02A0C261-0677-4A47-B3DF-4E09C243284C}.Release|Any CPU.ActiveCfg = Release|Any CPU
		{02A0C261-0677-4A47-B3DF-4E09C243284C}.Release|Any CPU.Build.0 = Release|Any CPU
		{9941467B-B90F-4350-974A-560BBED36AAC}.Debug|Any CPU.ActiveCfg = Debug|Any CPU
		{9941467B-B90F-4350-974A-560BBED36AAC}.Debug|Any CPU.Build.0 = Debug|Any CPU
		{9941467B-B90F-4350-974A-560BBED36AAC}.Release|Any CPU.ActiveCfg = Release|Any CPU
		{9941467B-B90F-4350-974A-560BBED36AAC}.Release|Any CPU.Build.0 = Release|Any CPU
		{D4C33144-5332-4DAE-9BD6-995E2A390EA6}.Debug|Any CPU.ActiveCfg = Debug|Any CPU
		{D4C33144-5332-4DAE-9BD6-995E2A390EA6}.Debug|Any CPU.Build.0 = Debug|Any CPU
		{D4C33144-5332-4DAE-9BD6-995E2A390EA6}.Release|Any CPU.ActiveCfg = Release|Any CPU
		{D4C33144-5332-4DAE-9BD6-995E2A390EA6}.Release|Any CPU.Build.0 = Release|Any CPU
		{49BA4C20-332E-4FE1-BBB6-0DB97671802C}.Debug|Any CPU.ActiveCfg = Debug|Any CPU
		{49BA4C20-332E-4FE1-BBB6-0DB97671802C}.Debug|Any CPU.Build.0 = Debug|Any CPU
		{49BA4C20-332E-4FE1-BBB6-0DB97671802C}.Release|Any CPU.ActiveCfg = Release|Any CPU
		{49BA4C20-332E-4FE1-BBB6-0DB97671802C}.Release|Any CPU.Build.0 = Release|Any CPU
		{B5968CC1-D705-4325-8A52-0B215C4D3F69}.Debug|Any CPU.ActiveCfg = Debug|Any CPU
		{B5968CC1-D705-4325-8A52-0B215C4D3F69}.Debug|Any CPU.Build.0 = Debug|Any CPU
		{B5968CC1-D705-4325-8A52-0B215C4D3F69}.Release|Any CPU.ActiveCfg = Release|Any CPU
		{B5968CC1-D705-4325-8A52-0B215C4D3F69}.Release|Any CPU.Build.0 = Release|Any CPU
		{3B5F7D3F-5363-48D9-96F6-998157B7C131}.Debug|Any CPU.ActiveCfg = Debug|Any CPU
		{3B5F7D3F-5363-48D9-96F6-998157B7C131}.Debug|Any CPU.Build.0 = Debug|Any CPU
		{3B5F7D3F-5363-48D9-96F6-998157B7C131}.Release|Any CPU.ActiveCfg = Release|Any CPU
		{3B5F7D3F-5363-48D9-96F6-998157B7C131}.Release|Any CPU.Build.0 = Release|Any CPU
		{9339371C-24EC-4DF6-9C22-A635F82081F4}.Debug|Any CPU.ActiveCfg = Debug|Any CPU
		{9339371C-24EC-4DF6-9C22-A635F82081F4}.Debug|Any CPU.Build.0 = Debug|Any CPU
		{9339371C-24EC-4DF6-9C22-A635F82081F4}.Release|Any CPU.ActiveCfg = Release|Any CPU
		{9339371C-24EC-4DF6-9C22-A635F82081F4}.Release|Any CPU.Build.0 = Release|Any CPU
		{A829CA8B-5C8F-4A14-81F3-7CBBF2199051}.Debug|Any CPU.ActiveCfg = Debug|Any CPU
		{A829CA8B-5C8F-4A14-81F3-7CBBF2199051}.Debug|Any CPU.Build.0 = Debug|Any CPU
		{A829CA8B-5C8F-4A14-81F3-7CBBF2199051}.Release|Any CPU.ActiveCfg = Release|Any CPU
		{A829CA8B-5C8F-4A14-81F3-7CBBF2199051}.Release|Any CPU.Build.0 = Release|Any CPU
		{0B885452-E9ED-4E74-8D65-FB2990B70458}.Debug|Any CPU.ActiveCfg = Debug|Any CPU
		{0B885452-E9ED-4E74-8D65-FB2990B70458}.Debug|Any CPU.Build.0 = Debug|Any CPU
		{0B885452-E9ED-4E74-8D65-FB2990B70458}.Release|Any CPU.ActiveCfg = Release|Any CPU
		{0B885452-E9ED-4E74-8D65-FB2990B70458}.Release|Any CPU.Build.0 = Release|Any CPU
		{AD8B2A4E-B10C-4B86-A932-BDB4E2FB7269}.Debug|Any CPU.ActiveCfg = Debug|Any CPU
		{AD8B2A4E-B10C-4B86-A932-BDB4E2FB7269}.Debug|Any CPU.Build.0 = Debug|Any CPU
		{AD8B2A4E-B10C-4B86-A932-BDB4E2FB7269}.Release|Any CPU.ActiveCfg = Release|Any CPU
		{AD8B2A4E-B10C-4B86-A932-BDB4E2FB7269}.Release|Any CPU.Build.0 = Release|Any CPU
		{87EB042B-ACF7-4FA5-8553-15EBED66139E}.Debug|Any CPU.ActiveCfg = Debug|Any CPU
		{87EB042B-ACF7-4FA5-8553-15EBED66139E}.Debug|Any CPU.Build.0 = Debug|Any CPU
		{87EB042B-ACF7-4FA5-8553-15EBED66139E}.Release|Any CPU.ActiveCfg = Release|Any CPU
		{87EB042B-ACF7-4FA5-8553-15EBED66139E}.Release|Any CPU.Build.0 = Release|Any CPU
		{E3847E4D-F283-4BA6-BA15-F1C9E723DD74}.Debug|Any CPU.ActiveCfg = Debug|Any CPU
		{E3847E4D-F283-4BA6-BA15-F1C9E723DD74}.Debug|Any CPU.Build.0 = Debug|Any CPU
		{E3847E4D-F283-4BA6-BA15-F1C9E723DD74}.Release|Any CPU.ActiveCfg = Release|Any CPU
		{E3847E4D-F283-4BA6-BA15-F1C9E723DD74}.Release|Any CPU.Build.0 = Release|Any CPU
		{19404858-29C0-4223-9393-E40F4C8F255E}.Debug|Any CPU.ActiveCfg = Debug|Any CPU
		{19404858-29C0-4223-9393-E40F4C8F255E}.Debug|Any CPU.Build.0 = Debug|Any CPU
		{19404858-29C0-4223-9393-E40F4C8F255E}.Release|Any CPU.ActiveCfg = Release|Any CPU
		{19404858-29C0-4223-9393-E40F4C8F255E}.Release|Any CPU.Build.0 = Release|Any CPU
		{929C7920-03E5-4D47-A36E-F3D225357481}.Debug|Any CPU.ActiveCfg = Debug|Any CPU
		{929C7920-03E5-4D47-A36E-F3D225357481}.Debug|Any CPU.Build.0 = Debug|Any CPU
		{929C7920-03E5-4D47-A36E-F3D225357481}.Release|Any CPU.ActiveCfg = Release|Any CPU
		{929C7920-03E5-4D47-A36E-F3D225357481}.Release|Any CPU.Build.0 = Release|Any CPU
		{3D5E3D77-8032-483C-9111-F3C8B70F1B6D}.Debug|Any CPU.ActiveCfg = Debug|Any CPU
		{3D5E3D77-8032-483C-9111-F3C8B70F1B6D}.Debug|Any CPU.Build.0 = Debug|Any CPU
		{3D5E3D77-8032-483C-9111-F3C8B70F1B6D}.Release|Any CPU.ActiveCfg = Release|Any CPU
		{3D5E3D77-8032-483C-9111-F3C8B70F1B6D}.Release|Any CPU.Build.0 = Release|Any CPU
		{CB2883AD-4FAF-4AEF-AD18-0214817E5521}.Debug|Any CPU.ActiveCfg = Debug|Any CPU
		{CB2883AD-4FAF-4AEF-AD18-0214817E5521}.Debug|Any CPU.Build.0 = Debug|Any CPU
		{CB2883AD-4FAF-4AEF-AD18-0214817E5521}.Release|Any CPU.ActiveCfg = Release|Any CPU
		{CB2883AD-4FAF-4AEF-AD18-0214817E5521}.Release|Any CPU.Build.0 = Release|Any CPU
		{0C165EE8-CD87-4A03-912E-2D9D8F18A559}.Debug|Any CPU.ActiveCfg = Debug|Any CPU
		{0C165EE8-CD87-4A03-912E-2D9D8F18A559}.Debug|Any CPU.Build.0 = Debug|Any CPU
		{0C165EE8-CD87-4A03-912E-2D9D8F18A559}.Release|Any CPU.ActiveCfg = Release|Any CPU
		{0C165EE8-CD87-4A03-912E-2D9D8F18A559}.Release|Any CPU.Build.0 = Release|Any CPU
		{52193BB7-76F4-4154-9F6D-0840769990F5}.Debug|Any CPU.ActiveCfg = Debug|Any CPU
		{52193BB7-76F4-4154-9F6D-0840769990F5}.Debug|Any CPU.Build.0 = Debug|Any CPU
		{52193BB7-76F4-4154-9F6D-0840769990F5}.Release|Any CPU.ActiveCfg = Release|Any CPU
		{52193BB7-76F4-4154-9F6D-0840769990F5}.Release|Any CPU.Build.0 = Release|Any CPU
		{A54E50B0-214D-43EB-AAFC-788DD32D9997}.Debug|Any CPU.ActiveCfg = Debug|Any CPU
		{A54E50B0-214D-43EB-AAFC-788DD32D9997}.Debug|Any CPU.Build.0 = Debug|Any CPU
		{A54E50B0-214D-43EB-AAFC-788DD32D9997}.Release|Any CPU.ActiveCfg = Release|Any CPU
		{A54E50B0-214D-43EB-AAFC-788DD32D9997}.Release|Any CPU.Build.0 = Release|Any CPU
		{E05A1FDF-DDD1-4B31-8B2F-D7D9CD5BB9C4}.Debug|Any CPU.ActiveCfg = Debug|Any CPU
		{E05A1FDF-DDD1-4B31-8B2F-D7D9CD5BB9C4}.Debug|Any CPU.Build.0 = Debug|Any CPU
		{E05A1FDF-DDD1-4B31-8B2F-D7D9CD5BB9C4}.Release|Any CPU.ActiveCfg = Release|Any CPU
		{E05A1FDF-DDD1-4B31-8B2F-D7D9CD5BB9C4}.Release|Any CPU.Build.0 = Release|Any CPU
		{1AB958CE-9227-4DAC-94BC-4BFF6166BC89}.Debug|Any CPU.ActiveCfg = Debug|Any CPU
		{1AB958CE-9227-4DAC-94BC-4BFF6166BC89}.Debug|Any CPU.Build.0 = Debug|Any CPU
		{1AB958CE-9227-4DAC-94BC-4BFF6166BC89}.Release|Any CPU.ActiveCfg = Release|Any CPU
		{1AB958CE-9227-4DAC-94BC-4BFF6166BC89}.Release|Any CPU.Build.0 = Release|Any CPU
		{6B458259-E09E-4EF1-B7FA-1E87B4E4AD2B}.Debug|Any CPU.ActiveCfg = Debug|Any CPU
		{6B458259-E09E-4EF1-B7FA-1E87B4E4AD2B}.Debug|Any CPU.Build.0 = Debug|Any CPU
		{6B458259-E09E-4EF1-B7FA-1E87B4E4AD2B}.Release|Any CPU.ActiveCfg = Release|Any CPU
		{6B458259-E09E-4EF1-B7FA-1E87B4E4AD2B}.Release|Any CPU.Build.0 = Release|Any CPU
		{AA356E2B-BFA7-4717-9685-D954464FFE16}.Debug|Any CPU.ActiveCfg = Debug|Any CPU
		{AA356E2B-BFA7-4717-9685-D954464FFE16}.Debug|Any CPU.Build.0 = Debug|Any CPU
		{AA356E2B-BFA7-4717-9685-D954464FFE16}.Release|Any CPU.ActiveCfg = Release|Any CPU
		{AA356E2B-BFA7-4717-9685-D954464FFE16}.Release|Any CPU.Build.0 = Release|Any CPU
	EndGlobalSection
	GlobalSection(SolutionProperties) = preSolution
		HideSolutionNode = FALSE
	EndGlobalSection
	GlobalSection(NestedProjects) = preSolution
		{3AA740A0-6FD9-47B9-B86B-773C35152AE8} = {7869E1B7-6CC9-4C08-9B94-85D21A5F5968}
		{39D5ED2D-C23D-44DD-8B7C-EF8CA9603DC3} = {7869E1B7-6CC9-4C08-9B94-85D21A5F5968}
		{02A0C261-0677-4A47-B3DF-4E09C243284C} = {64061EF0-B5E7-45B6-A0C1-639B7D44E921}
		{9941467B-B90F-4350-974A-560BBED36AAC} = {7869E1B7-6CC9-4C08-9B94-85D21A5F5968}
		{D4C33144-5332-4DAE-9BD6-995E2A390EA6} = {64061EF0-B5E7-45B6-A0C1-639B7D44E921}
		{49BA4C20-332E-4FE1-BBB6-0DB97671802C} = {7869E1B7-6CC9-4C08-9B94-85D21A5F5968}
		{B5968CC1-D705-4325-8A52-0B215C4D3F69} = {7869E1B7-6CC9-4C08-9B94-85D21A5F5968}
		{3B5F7D3F-5363-48D9-96F6-998157B7C131} = {64061EF0-B5E7-45B6-A0C1-639B7D44E921}
		{9339371C-24EC-4DF6-9C22-A635F82081F4} = {64061EF0-B5E7-45B6-A0C1-639B7D44E921}
		{A829CA8B-5C8F-4A14-81F3-7CBBF2199051} = {7869E1B7-6CC9-4C08-9B94-85D21A5F5968}
		{0B885452-E9ED-4E74-8D65-FB2990B70458} = {7869E1B7-6CC9-4C08-9B94-85D21A5F5968}
		{AD8B2A4E-B10C-4B86-A932-BDB4E2FB7269} = {7869E1B7-6CC9-4C08-9B94-85D21A5F5968}
		{87EB042B-ACF7-4FA5-8553-15EBED66139E} = {7869E1B7-6CC9-4C08-9B94-85D21A5F5968}
		{E3847E4D-F283-4BA6-BA15-F1C9E723DD74} = {7869E1B7-6CC9-4C08-9B94-85D21A5F5968}
		{19404858-29C0-4223-9393-E40F4C8F255E} = {7869E1B7-6CC9-4C08-9B94-85D21A5F5968}
		{929C7920-03E5-4D47-A36E-F3D225357481} = {64061EF0-B5E7-45B6-A0C1-639B7D44E921}
		{3D5E3D77-8032-483C-9111-F3C8B70F1B6D} = {7869E1B7-6CC9-4C08-9B94-85D21A5F5968}
		{CB2883AD-4FAF-4AEF-AD18-0214817E5521} = {7869E1B7-6CC9-4C08-9B94-85D21A5F5968}
		{0C165EE8-CD87-4A03-912E-2D9D8F18A559} = {7869E1B7-6CC9-4C08-9B94-85D21A5F5968}
		{52193BB7-76F4-4154-9F6D-0840769990F5} = {7869E1B7-6CC9-4C08-9B94-85D21A5F5968}
		{A54E50B0-214D-43EB-AAFC-788DD32D9997} = {7869E1B7-6CC9-4C08-9B94-85D21A5F5968}
		{E05A1FDF-DDD1-4B31-8B2F-D7D9CD5BB9C4} = {64061EF0-B5E7-45B6-A0C1-639B7D44E921}
		{1AB958CE-9227-4DAC-94BC-4BFF6166BC89} = {64061EF0-B5E7-45B6-A0C1-639B7D44E921}
		{6B458259-E09E-4EF1-B7FA-1E87B4E4AD2B} = {7869E1B7-6CC9-4C08-9B94-85D21A5F5968}
		{AA356E2B-BFA7-4717-9685-D954464FFE16} = {7869E1B7-6CC9-4C08-9B94-85D21A5F5968}
	EndGlobalSection
	GlobalSection(ExtensibilityGlobals) = postSolution
		SolutionGuid = {F622C42C-929D-4CAB-8CC6-23E387FFDD36}
	EndGlobalSection
EndGlobal
