
Microsoft Visual Studio Solution File, Format Version 12.00
# Visual Studio Version 17
VisualStudioVersion = 17.0.31912.275
MinimumVisualStudioVersion = 10.0.40219.1
Project("{2150E333-8FDC-42A3-9474-1A3956D46DE8}") = "src", "src", "{7869E1B7-6CC9-4C08-9B94-85D21A5F5968}"
EndProject
Project("{2150E333-8FDC-42A3-9474-1A3956D46DE8}") = "test", "test", "{64061EF0-B5E7-45B6-A0C1-639B7D44E921}"
EndProject
Project("{9A19103F-16F7-4668-BE54-9A1E7A4F7556}") = "Dignite.Abp.FieldCustomizing", "src\Dignite.Abp.FieldCustomizing\Dignite.Abp.FieldCustomizing.csproj", "{D3F1D0AB-521C-488A-A0E8-18CBFDDD8B14}"
EndProject
Project("{9A19103F-16F7-4668-BE54-9A1E7A4F7556}") = "Dignite.Abp.SettingsGrouping", "src\Dignite.Abp.SettingsGrouping\Dignite.Abp.SettingsGrouping.csproj", "{334170E8-9ED4-4721-BEC4-EEDDA7E058C6}"
EndProject
Project("{9A19103F-16F7-4668-BE54-9A1E7A4F7556}") = "Dignite.Abp.Notifications.SignalRNotifier", "src\Dignite.Abp.Notifications.SignalRNotifier\Dignite.Abp.Notifications.SignalRNotifier.csproj", "{3AA740A0-6FD9-47B9-B86B-773C35152AE8}"
EndProject
Project("{9A19103F-16F7-4668-BE54-9A1E7A4F7556}") = "Dignite.Abp.Notifications", "src\Dignite.Abp.Notifications\Dignite.Abp.Notifications.csproj", "{39D5ED2D-C23D-44DD-8B7C-EF8CA9603DC3}"
EndProject
Project("{9A19103F-16F7-4668-BE54-9A1E7A4F7556}") = "Dignite.Abp.FieldCustomizing.Tests", "test\Dignite.Abp.FieldCustomizing.Tests\Dignite.Abp.FieldCustomizing.Tests.csproj", "{02A0C261-0677-4A47-B3DF-4E09C243284C}"
EndProject
Project("{9A19103F-16F7-4668-BE54-9A1E7A4F7556}") = "Dignite.Abp.SettingsGrouping.Tests", "test\Dignite.Abp.SettingsGrouping.Tests\Dignite.Abp.SettingsGrouping.Tests.csproj", "{2BF3EC73-331E-499F-83B4-95C8C9F76F42}"
EndProject
Project("{9A19103F-16F7-4668-BE54-9A1E7A4F7556}") = "Dignite.Abp.FieldCustomizing.Components", "src\Dignite.Abp.FieldCustomizing.Components\Dignite.Abp.FieldCustomizing.Components.csproj", "{9941467B-B90F-4350-974A-560BBED36AAC}"
EndProject
Project("{9A19103F-16F7-4668-BE54-9A1E7A4F7556}") = "Dignite.Abp.Notifications.Tests", "test\Dignite.Abp.Notifications.Tests\Dignite.Abp.Notifications.Tests.csproj", "{D4C33144-5332-4DAE-9BD6-995E2A390EA6}"
EndProject
Project("{9A19103F-16F7-4668-BE54-9A1E7A4F7556}") = "Dignite.Abp.BlazoriseUI", "src\Dignite.Abp.BlazoriseUI\Dignite.Abp.BlazoriseUI.csproj", "{49BA4C20-332E-4FE1-BBB6-0DB97671802C}"
EndProject
Project("{9A19103F-16F7-4668-BE54-9A1E7A4F7556}") = "Dignite.Abp.Notifications.Shared", "src\Dignite.Abp.Notifications.Shared\Dignite.Abp.Notifications.Shared.csproj", "{B5968CC1-D705-4325-8A52-0B215C4D3F69}"
EndProject
Project("{9A19103F-16F7-4668-BE54-9A1E7A4F7556}") = "AbpTestBase", "test\AbpTestBase\AbpTestBase.csproj", "{3B5F7D3F-5363-48D9-96F6-998157B7C131}"
EndProject
Project("{9A19103F-16F7-4668-BE54-9A1E7A4F7556}") = "Dignite.Abp.FieldCustomizing.Components.Tests", "test\Dignite.Abp.FieldCustomizing.Components.Tests\Dignite.Abp.FieldCustomizing.Components.Tests.csproj", "{9339371C-24EC-4DF6-9C22-A635F82081F4}"
EndProject
Project("{9A19103F-16F7-4668-BE54-9A1E7A4F7556}") = "Dignite.Abp.Notifications.Components", "src\Dignite.Abp.Notifications.Components\Dignite.Abp.Notifications.Components.csproj", "{A829CA8B-5C8F-4A14-81F3-7CBBF2199051}"
EndProject
Project("{9A19103F-16F7-4668-BE54-9A1E7A4F7556}") = "Dignite.Abp.FieldCustomizing.Components.BlazoriseUI", "src\Dignite.Abp.FieldCustomizing.Components.BlazoriseUI\Dignite.Abp.FieldCustomizing.Components.BlazoriseUI.csproj", "{0B885452-E9ED-4E74-8D65-FB2990B70458}"
EndProject
Global
	GlobalSection(SolutionConfigurationPlatforms) = preSolution
		Debug|Any CPU = Debug|Any CPU
		Release|Any CPU = Release|Any CPU
	EndGlobalSection
	GlobalSection(ProjectConfigurationPlatforms) = postSolution
		{D3F1D0AB-521C-488A-A0E8-18CBFDDD8B14}.Debug|Any CPU.ActiveCfg = Debug|Any CPU
		{D3F1D0AB-521C-488A-A0E8-18CBFDDD8B14}.Debug|Any CPU.Build.0 = Debug|Any CPU
		{D3F1D0AB-521C-488A-A0E8-18CBFDDD8B14}.Release|Any CPU.ActiveCfg = Release|Any CPU
		{D3F1D0AB-521C-488A-A0E8-18CBFDDD8B14}.Release|Any CPU.Build.0 = Release|Any CPU
		{334170E8-9ED4-4721-BEC4-EEDDA7E058C6}.Debug|Any CPU.ActiveCfg = Debug|Any CPU
		{334170E8-9ED4-4721-BEC4-EEDDA7E058C6}.Debug|Any CPU.Build.0 = Debug|Any CPU
		{334170E8-9ED4-4721-BEC4-EEDDA7E058C6}.Release|Any CPU.ActiveCfg = Release|Any CPU
		{334170E8-9ED4-4721-BEC4-EEDDA7E058C6}.Release|Any CPU.Build.0 = Release|Any CPU
		{3AA740A0-6FD9-47B9-B86B-773C35152AE8}.Debug|Any CPU.ActiveCfg = Debug|Any CPU
		{3AA740A0-6FD9-47B9-B86B-773C35152AE8}.Debug|Any CPU.Build.0 = Debug|Any CPU
		{3AA740A0-6FD9-47B9-B86B-773C35152AE8}.Release|Any CPU.ActiveCfg = Release|Any CPU
		{3AA740A0-6FD9-47B9-B86B-773C35152AE8}.Release|Any CPU.Build.0 = Release|Any CPU
		{39D5ED2D-C23D-44DD-8B7C-EF8CA9603DC3}.Debug|Any CPU.ActiveCfg = Debug|Any CPU
		{39D5ED2D-C23D-44DD-8B7C-EF8CA9603DC3}.Debug|Any CPU.Build.0 = Debug|Any CPU
		{39D5ED2D-C23D-44DD-8B7C-EF8CA9603DC3}.Release|Any CPU.ActiveCfg = Release|Any CPU
		{39D5ED2D-C23D-44DD-8B7C-EF8CA9603DC3}.Release|Any CPU.Build.0 = Release|Any CPU
		{02A0C261-0677-4A47-B3DF-4E09C243284C}.Debug|Any CPU.ActiveCfg = Debug|Any CPU
		{02A0C261-0677-4A47-B3DF-4E09C243284C}.Debug|Any CPU.Build.0 = Debug|Any CPU
		{02A0C261-0677-4A47-B3DF-4E09C243284C}.Release|Any CPU.ActiveCfg = Release|Any CPU
		{02A0C261-0677-4A47-B3DF-4E09C243284C}.Release|Any CPU.Build.0 = Release|Any CPU
		{2BF3EC73-331E-499F-83B4-95C8C9F76F42}.Debug|Any CPU.ActiveCfg = Debug|Any CPU
		{2BF3EC73-331E-499F-83B4-95C8C9F76F42}.Debug|Any CPU.Build.0 = Debug|Any CPU
		{2BF3EC73-331E-499F-83B4-95C8C9F76F42}.Release|Any CPU.ActiveCfg = Release|Any CPU
		{2BF3EC73-331E-499F-83B4-95C8C9F76F42}.Release|Any CPU.Build.0 = Release|Any CPU
		{9941467B-B90F-4350-974A-560BBED36AAC}.Debug|Any CPU.ActiveCfg = Debug|Any CPU
		{9941467B-B90F-4350-974A-560BBED36AAC}.Debug|Any CPU.Build.0 = Debug|Any CPU
		{9941467B-B90F-4350-974A-560BBED36AAC}.Release|Any CPU.ActiveCfg = Release|Any CPU
		{9941467B-B90F-4350-974A-560BBED36AAC}.Release|Any CPU.Build.0 = Release|Any CPU
		{D4C33144-5332-4DAE-9BD6-995E2A390EA6}.Debug|Any CPU.ActiveCfg = Debug|Any CPU
		{D4C33144-5332-4DAE-9BD6-995E2A390EA6}.Debug|Any CPU.Build.0 = Debug|Any CPU
		{D4C33144-5332-4DAE-9BD6-995E2A390EA6}.Release|Any CPU.ActiveCfg = Release|Any CPU
		{D4C33144-5332-4DAE-9BD6-995E2A390EA6}.Release|Any CPU.Build.0 = Release|Any CPU
		{49BA4C20-332E-4FE1-BBB6-0DB97671802C}.Debug|Any CPU.ActiveCfg = Debug|Any CPU
		{49BA4C20-332E-4FE1-BBB6-0DB97671802C}.Debug|Any CPU.Build.0 = Debug|Any CPU
		{49BA4C20-332E-4FE1-BBB6-0DB97671802C}.Release|Any CPU.ActiveCfg = Release|Any CPU
		{49BA4C20-332E-4FE1-BBB6-0DB97671802C}.Release|Any CPU.Build.0 = Release|Any CPU
		{B5968CC1-D705-4325-8A52-0B215C4D3F69}.Debug|Any CPU.ActiveCfg = Debug|Any CPU
		{B5968CC1-D705-4325-8A52-0B215C4D3F69}.Debug|Any CPU.Build.0 = Debug|Any CPU
		{B5968CC1-D705-4325-8A52-0B215C4D3F69}.Release|Any CPU.ActiveCfg = Release|Any CPU
		{B5968CC1-D705-4325-8A52-0B215C4D3F69}.Release|Any CPU.Build.0 = Release|Any CPU
		{3B5F7D3F-5363-48D9-96F6-998157B7C131}.Debug|Any CPU.ActiveCfg = Debug|Any CPU
		{3B5F7D3F-5363-48D9-96F6-998157B7C131}.Debug|Any CPU.Build.0 = Debug|Any CPU
		{3B5F7D3F-5363-48D9-96F6-998157B7C131}.Release|Any CPU.ActiveCfg = Release|Any CPU
		{3B5F7D3F-5363-48D9-96F6-998157B7C131}.Release|Any CPU.Build.0 = Release|Any CPU
		{9339371C-24EC-4DF6-9C22-A635F82081F4}.Debug|Any CPU.ActiveCfg = Debug|Any CPU
		{9339371C-24EC-4DF6-9C22-A635F82081F4}.Debug|Any CPU.Build.0 = Debug|Any CPU
		{9339371C-24EC-4DF6-9C22-A635F82081F4}.Release|Any CPU.ActiveCfg = Release|Any CPU
		{9339371C-24EC-4DF6-9C22-A635F82081F4}.Release|Any CPU.Build.0 = Release|Any CPU
		{A829CA8B-5C8F-4A14-81F3-7CBBF2199051}.Debug|Any CPU.ActiveCfg = Debug|Any CPU
		{A829CA8B-5C8F-4A14-81F3-7CBBF2199051}.Debug|Any CPU.Build.0 = Debug|Any CPU
		{A829CA8B-5C8F-4A14-81F3-7CBBF2199051}.Release|Any CPU.ActiveCfg = Release|Any CPU
		{A829CA8B-5C8F-4A14-81F3-7CBBF2199051}.Release|Any CPU.Build.0 = Release|Any CPU
		{0B885452-E9ED-4E74-8D65-FB2990B70458}.Debug|Any CPU.ActiveCfg = Debug|Any CPU
		{0B885452-E9ED-4E74-8D65-FB2990B70458}.Debug|Any CPU.Build.0 = Debug|Any CPU
		{0B885452-E9ED-4E74-8D65-FB2990B70458}.Release|Any CPU.ActiveCfg = Release|Any CPU
		{0B885452-E9ED-4E74-8D65-FB2990B70458}.Release|Any CPU.Build.0 = Release|Any CPU
	EndGlobalSection
	GlobalSection(SolutionProperties) = preSolution
		HideSolutionNode = FALSE
	EndGlobalSection
	GlobalSection(NestedProjects) = preSolution
		{D3F1D0AB-521C-488A-A0E8-18CBFDDD8B14} = {7869E1B7-6CC9-4C08-9B94-85D21A5F5968}
		{334170E8-9ED4-4721-BEC4-EEDDA7E058C6} = {7869E1B7-6CC9-4C08-9B94-85D21A5F5968}
		{3AA740A0-6FD9-47B9-B86B-773C35152AE8} = {7869E1B7-6CC9-4C08-9B94-85D21A5F5968}
		{39D5ED2D-C23D-44DD-8B7C-EF8CA9603DC3} = {7869E1B7-6CC9-4C08-9B94-85D21A5F5968}
		{02A0C261-0677-4A47-B3DF-4E09C243284C} = {64061EF0-B5E7-45B6-A0C1-639B7D44E921}
		{2BF3EC73-331E-499F-83B4-95C8C9F76F42} = {64061EF0-B5E7-45B6-A0C1-639B7D44E921}
		{9941467B-B90F-4350-974A-560BBED36AAC} = {7869E1B7-6CC9-4C08-9B94-85D21A5F5968}
		{D4C33144-5332-4DAE-9BD6-995E2A390EA6} = {64061EF0-B5E7-45B6-A0C1-639B7D44E921}
		{49BA4C20-332E-4FE1-BBB6-0DB97671802C} = {7869E1B7-6CC9-4C08-9B94-85D21A5F5968}
		{B5968CC1-D705-4325-8A52-0B215C4D3F69} = {7869E1B7-6CC9-4C08-9B94-85D21A5F5968}
		{3B5F7D3F-5363-48D9-96F6-998157B7C131} = {64061EF0-B5E7-45B6-A0C1-639B7D44E921}
		{9339371C-24EC-4DF6-9C22-A635F82081F4} = {64061EF0-B5E7-45B6-A0C1-639B7D44E921}
		{A829CA8B-5C8F-4A14-81F3-7CBBF2199051} = {7869E1B7-6CC9-4C08-9B94-85D21A5F5968}
		{0B885452-E9ED-4E74-8D65-FB2990B70458} = {7869E1B7-6CC9-4C08-9B94-85D21A5F5968}
	EndGlobalSection
	GlobalSection(ExtensibilityGlobals) = postSolution
		SolutionGuid = {F622C42C-929D-4CAB-8CC6-23E387FFDD36}
	EndGlobalSection
EndGlobal
