# THIS IS AN AUTOGENERATED FILE. DO NOT EDIT THIS FILE DIRECTLY.
# yarn lockfile v1


"@abp/aspnetcore.mvc.ui.theme.leptonxlite@~3.3.1":
  version "3.3.4"
  resolved "https://registry.yarnpkg.com/@abp/aspnetcore.mvc.ui.theme.leptonxlite/-/aspnetcore.mvc.ui.theme.leptonxlite-3.3.4.tgz#fb6879075aec2f06e0302e941dcefbe519b18e1d"
  integrity sha512-5rrwwZ9n2/yePo+GnHuUsP0TelCwRwCQjYyQFdF/Nd4B3UNQVO/AXQc0Ep3+vHhUxSL386j6ObZYu14VdjPg2g==
  dependencies:
    "@abp/aspnetcore.mvc.ui.theme.shared" "~8.3.4"

"@abp/aspnetcore.mvc.ui.theme.shared@~8.3.4":
  version "8.3.4"
  resolved "https://registry.yarnpkg.com/@abp/aspnetcore.mvc.ui.theme.shared/-/aspnetcore.mvc.ui.theme.shared-8.3.4.tgz#169ae0893302ced9256f94174d9bb870e49f446c"
  integrity sha512-bZy8iAIN0QfNJXCRg+RR1NxqTzNDSXRPBx+ksFtDxY6FzMJvwwSOmHF0wqsMLj1xpwXjijWaVWQ2RM/7scDWmw==
  dependencies:
    "@abp/aspnetcore.mvc.ui" "~8.3.4"
    "@abp/bootstrap" "~8.3.4"
    "@abp/bootstrap-datepicker" "~8.3.4"
    "@abp/bootstrap-daterangepicker" "~8.3.4"
    "@abp/datatables.net-bs5" "~8.3.4"
    "@abp/font-awesome" "~8.3.4"
    "@abp/jquery-form" "~8.3.4"
    "@abp/jquery-validation-unobtrusive" "~8.3.4"
    "@abp/lodash" "~8.3.4"
    "@abp/luxon" "~8.3.4"
    "@abp/malihu-custom-scrollbar-plugin" "~8.3.4"
    "@abp/moment" "~8.3.4"
    "@abp/select2" "~8.3.4"
    "@abp/sweetalert2" "~8.3.4"
    "@abp/timeago" "~8.3.4"
    "@abp/toastr" "~8.3.4"

"@abp/aspnetcore.mvc.ui@~8.3.4":
  version "8.3.4"
  resolved "https://registry.yarnpkg.com/@abp/aspnetcore.mvc.ui/-/aspnetcore.mvc.ui-8.3.4.tgz#041d83f34541081d9e0f37c36c302cbe871a4897"
  integrity sha512-sjGE/EoNM98mXNYPze2C7GPP+TNpv4TLIt416ojaqtxru60oddr4VWrOGuhaqUCO2jJes3OwFZi5PY3hVOBbYw==
  dependencies:
    ansi-colors "^4.1.3"

"@abp/bootstrap-datepicker@~8.3.4":
  version "8.3.4"
  resolved "https://registry.yarnpkg.com/@abp/bootstrap-datepicker/-/bootstrap-datepicker-8.3.4.tgz#072f4a3cea93e3a1bb1de13b355201648929f84c"
  integrity sha512-txilFovf9zT1w+fTkyI3eZdiISjaxc/+wRRFKwrkVH+0xEgaiR41svKm6sjWBORxgTddlGas87SZJvYY3IKBjA==
  dependencies:
    bootstrap-datepicker "^1.10.0"

"@abp/bootstrap-daterangepicker@~8.3.4":
  version "8.3.4"
  resolved "https://registry.yarnpkg.com/@abp/bootstrap-daterangepicker/-/bootstrap-daterangepicker-8.3.4.tgz#b0f65611ca4fafdf2b551f9f139868eae6e22e9a"
  integrity sha512-bYkYjk1zTdWcM4DGwnDoU+4pDvs1S8hkNWhrnpP0o8oRoJiesO8Aeda+82rtydtWnxHg+HkDC0iYFFqaNuHvbg==
  dependencies:
    bootstrap-daterangepicker "^3.1.0"

"@abp/bootstrap@~8.3.4":
  version "8.3.4"
  resolved "https://registry.yarnpkg.com/@abp/bootstrap/-/bootstrap-8.3.4.tgz#744bb4d30d4c269ce8e6a7d16c6777dd3cd9fe1e"
  integrity sha512-GXCLFFmPNaR3DjQYSaqACL5sH/M9FPia2OKAAMOd796+NmcoFpT+S7l4C6ihqeQc4bjFm0voB8QklueGWx6r8A==
  dependencies:
    "@abp/core" "~8.3.4"
    bootstrap "^5.3.3"

"@abp/core@~8.3.4":
  version "8.3.4"
  resolved "https://registry.yarnpkg.com/@abp/core/-/core-8.3.4.tgz#12635bc2ac325a426334150502a32fefa4ec3767"
  integrity sha512-wImAdZABahaQe6mmZAZlPfYZ3PEhL7eEq+18c1WFO0xeD98oxqi8H1X7+3ABjyFscIh9LIxJVaD3RJ9OHCc5bw==
  dependencies:
    "@abp/utils" "~8.3.4"

"@abp/datatables.net-bs5@~8.3.4":
  version "8.3.4"
  resolved "https://registry.yarnpkg.com/@abp/datatables.net-bs5/-/datatables.net-bs5-8.3.4.tgz#efc28fa57144c7b495a4aeea38df962807ca20df"
  integrity sha512-u85aXjqYIJJfOsMq6oNqfxNgxQqV6vOEnJ32vrH294ceW8RzUxHA+G/ZkGRLLRGWVuxuARD/UXzEotH5sd1Ssw==
  dependencies:
    "@abp/datatables.net" "~8.3.4"
    datatables.net-bs5 "^2.0.8"

"@abp/datatables.net@~8.3.4":
  version "8.3.4"
  resolved "https://registry.yarnpkg.com/@abp/datatables.net/-/datatables.net-8.3.4.tgz#23a3155a2d84247a29a6b80ff98d1d5f6422a245"
  integrity sha512-cwE9TFoRoszmI3zNVaYJtqjSPtwkL9dhCfE02zsmJo8GBdFAlbzAmQenfQiWb3BZhvUvKKN20e+og9S8qoCbXA==
  dependencies:
    "@abp/jquery" "~8.3.4"
    datatables.net "^2.0.8"

"@abp/font-awesome@~8.3.4":
  version "8.3.4"
  resolved "https://registry.yarnpkg.com/@abp/font-awesome/-/font-awesome-8.3.4.tgz#f79f7b439f9ffadfc03be3a415a977eab21fa5a1"
  integrity sha512-5+D5XKnrZROtg9PJ2zex52gbphXGK/7ZIUsszEg8rOIc/niXggaZLmuDcYJwOEzIkwpGO9OvYy7lc0tHv/Pr4g==
  dependencies:
    "@abp/core" "~8.3.4"
    "@fortawesome/fontawesome-free" "^6.5.2"

"@abp/jquery-form@~8.3.4":
  version "8.3.4"
  resolved "https://registry.yarnpkg.com/@abp/jquery-form/-/jquery-form-8.3.4.tgz#c1705bd5213ab5c2b895dd5bd9f3e54f3d94cf54"
  integrity sha512-vFjWbTbHQyIsk5SS7Cc+5YrJ15ORjJU+YWVPchI0qoug26for06a7lDGpazWMadxx3iPL7cKLqneOqaVtHkgJA==
  dependencies:
    "@abp/jquery" "~8.3.4"
    jquery-form "^4.3.0"

"@abp/jquery-validation-unobtrusive@~8.3.4":
  version "8.3.4"
  resolved "https://registry.yarnpkg.com/@abp/jquery-validation-unobtrusive/-/jquery-validation-unobtrusive-8.3.4.tgz#e89eafed89787bcb5221c0ba89832b79a7396d19"
  integrity sha512-+kJA5vfvxkrj/iW4Q84BrMTrAGOhC2Hb5czAKr6c60Prmayk5hcakZdXc3wDBHREBLVAq1Muk4AtEJZmaKIeaA==
  dependencies:
    "@abp/jquery-validation" "~8.3.4"
    jquery-validation-unobtrusive "^4.0.0"

"@abp/jquery-validation@~8.3.4":
  version "8.3.4"
  resolved "https://registry.yarnpkg.com/@abp/jquery-validation/-/jquery-validation-8.3.4.tgz#a445592d80edc6b6b1334ece2007b3084c329cc6"
  integrity sha512-XvL0H3IRuSHwpPKUyJmW6PH8KwPDt9NllMqPGreRANF8l5IU10hOLEeP2BnGFfGMqFwqUMh+eJRar5yZcegkmg==
  dependencies:
    "@abp/jquery" "~8.3.4"
    jquery-validation "^1.20.1"

"@abp/jquery@~8.3.4":
  version "8.3.4"
  resolved "https://registry.yarnpkg.com/@abp/jquery/-/jquery-8.3.4.tgz#2dc3f5f124ac65b5f45d29749ebb5d6cf17db23b"
  integrity sha512-Zx2rErtgc0gxjX5PURjp6sjDQfzxBChUE9YWN37Xh+Ysm3tTGcXlF0Emwl94MZ640NfmYRpG4AWdik6kbaU5Wg==
  dependencies:
    "@abp/core" "~8.3.4"
    jquery "~3.7.1"

"@abp/lodash@~8.3.4":
  version "8.3.4"
  resolved "https://registry.yarnpkg.com/@abp/lodash/-/lodash-8.3.4.tgz#b0ef4e82a788ae7389a31793c3bad6702efdbe33"
  integrity sha512-yGd/oLds0jpTgTpmkFYOEomS4K15DGcffMP3N1t0qKLgTaBYTQzeugHVgQ0baufC+OvLjumDNuu3eHjBJewwKg==
  dependencies:
    "@abp/core" "~8.3.4"
    lodash "^4.17.21"

"@abp/luxon@~8.3.4":
  version "8.3.4"
  resolved "https://registry.yarnpkg.com/@abp/luxon/-/luxon-8.3.4.tgz#f152b2d7b62bd27f3d27aa3a1794b868bf06a1a4"
  integrity sha512-l1nvfqdhHBgHBPK+bLClAEprRK3K5zx5Jar93o5++6r3zXUhYi5OUHUxl+LuGn8MXLvHJVGL41irHl6sYjFSww==
  dependencies:
    "@abp/core" "~8.3.4"
    luxon "^3.4.4"

"@abp/malihu-custom-scrollbar-plugin@~8.3.4":
  version "8.3.4"
  resolved "https://registry.yarnpkg.com/@abp/malihu-custom-scrollbar-plugin/-/malihu-custom-scrollbar-plugin-8.3.4.tgz#0868214884e3e0b94dade0e8e78c01741d71106a"
  integrity sha512-uKRk8+HCvXtpmvof5W09908AkivlweErTE62b0JhkrJVIlYt/0LC1MmB/qHHBfPj6OK05HYGBi3inr7fNAPXEQ==
  dependencies:
    "@abp/core" "~8.3.4"
    malihu-custom-scrollbar-plugin "^3.1.5"

"@abp/moment@~8.3.4":
  version "8.3.4"
  resolved "https://registry.yarnpkg.com/@abp/moment/-/moment-8.3.4.tgz#a5809520dc50b50402ade4ac630c6ec985fd4518"
  integrity sha512-61J8drO3OqkaaAn66xBg6jCws1iV6zutjYQvpEXLdGBA9Kvw2J87GSomxJ4mcIo/5+jzrVro6JYaCfKWY8b1dw==
  dependencies:
    moment "^2.30.1"

"@abp/select2@~8.3.4":
  version "8.3.4"
  resolved "https://registry.yarnpkg.com/@abp/select2/-/select2-8.3.4.tgz#1731b465760e0515d0d4280f38189c9366fecda5"
  integrity sha512-sPtYstFVvMTT8fdXRIfHeODIgSN2ufWm6zCMGH7C0cST3FF59M4m/MtdKGBlA/itzHPxeDv7A6dy4Aw4l7Gk4Q==
  dependencies:
    "@abp/core" "~8.3.4"
    select2 "^4.0.13"

"@abp/sweetalert2@~8.3.4":
  version "8.3.4"
  resolved "https://registry.yarnpkg.com/@abp/sweetalert2/-/sweetalert2-8.3.4.tgz#c0768ca4fe0a9926b8f33d8bf5251d3e4202cd2f"
  integrity sha512-6HqxISh+FodwUsCrR3nX49RQDhzHtDlz8ul42TecUMsGa96qX2lvwnoWkXAHLG3mdLRy62Z0dhJ1JKMfrPeJeg==
  dependencies:
    "@abp/core" "~8.3.4"
    sweetalert2 "^11.3.6"

"@abp/timeago@~8.3.4":
  version "8.3.4"
  resolved "https://registry.yarnpkg.com/@abp/timeago/-/timeago-8.3.4.tgz#26ca0bec90d861f9f4af714061b370950551c839"
  integrity sha512-cDARYysPn5Rr/9rqVn7S4sBWbeEpaIXr8NKwGZqNOzMF2g283SkLKrkQJBWIC6Pn2lVeIB7AV1+GtVn81V/nnw==
  dependencies:
    "@abp/jquery" "~8.3.4"
    timeago "^1.6.7"

"@abp/toastr@~8.3.4":
  version "8.3.4"
  resolved "https://registry.yarnpkg.com/@abp/toastr/-/toastr-8.3.4.tgz#cb433bc4ed2e302f2704ad0456c99d6f12fd0529"
  integrity sha512-29C9GgwlumrHgt1iZ4lArDnlXfSvmCHDehxkbDutrkC1m257UxQaOID11us2UeCs3JobueQcLlQKD/LqnDB4xA==
  dependencies:
    "@abp/jquery" "~8.3.4"
    toastr "^2.1.4"

"@abp/utils@~8.3.4":
  version "8.3.4"
  resolved "https://registry.yarnpkg.com/@abp/utils/-/utils-8.3.4.tgz#4b06575a110e85e2a360294f678b782818e1ab10"
  integrity sha512-7Lq3wdk/07vKgQnR56DTmdSuYRABMe0XTGPJRS5F91DVbggeJyDUaqifVvOeurF/3CZJOS7fJpoIHQXeUveFtQ==
  dependencies:
    just-compare "^2.3.0"

"@fortawesome/fontawesome-free@^6.5.2":
  version "6.7.2"
  resolved "https://registry.yarnpkg.com/@fortawesome/fontawesome-free/-/fontawesome-free-6.7.2.tgz#8249de9b7e22fcb3ceb5e66090c30a1d5492b81a"
  integrity sha512-JUOtgFW6k9u4Y+xeIaEiLr3+cjoUPiAuLXoyKOJSia6Duzb7pq+A76P9ZdPDoAoxHdHzq6gE9/jKBGXlZT8FbA==

ansi-colors@^4.1.3:
  version "4.1.3"
  resolved "https://registry.yarnpkg.com/ansi-colors/-/ansi-colors-4.1.3.tgz#37611340eb2243e70cc604cad35d63270d48781b"
  integrity sha512-/6w/C21Pm1A7aZitlI5Ni/2J6FFQN8i1Cvz3kHABAAbw93v/NlvKdVOqz7CCWz/3iv/JplRSEEZ83XION15ovw==

bootstrap-datepicker@^1.10.0:
  version "1.10.0"
  resolved "https://registry.yarnpkg.com/bootstrap-datepicker/-/bootstrap-datepicker-1.10.0.tgz#61612bbe8bf0a69a5bce32bbcdda93ebb6ccf24a"
  integrity sha512-lWxtSYddAQOpbAO8UhYhHLcK6425eWoSjb5JDvZU3ePHEPF6A3eUr51WKaFy4PccU19JRxUG6wEU3KdhtKfvpg==
  dependencies:
    jquery ">=3.4.0 <4.0.0"

bootstrap-daterangepicker@^3.1.0:
  version "3.1.0"
  resolved "https://registry.yarnpkg.com/bootstrap-daterangepicker/-/bootstrap-daterangepicker-3.1.0.tgz#632e6fb2de4b6360c5c0a9d5f6adb9aace051fe8"
  integrity sha512-oaQZx6ZBDo/dZNyXGVi2rx5GmFXThyQLAxdtIqjtLlYVaQUfQALl5JZMJJZzyDIX7blfy4ppZPAJ10g8Ma4d/g==
  dependencies:
    jquery ">=1.10"
    moment "^2.9.0"

bootstrap@^5.3.3:
  version "5.3.3"
  resolved "https://registry.yarnpkg.com/bootstrap/-/bootstrap-5.3.3.tgz#de35e1a765c897ac940021900fcbb831602bac38"
  integrity sha512-8HLCdWgyoMguSO9o+aH+iuZ+aht+mzW0u3HIMzVu7Srrpv7EBBxTnrFlSCskwdY1+EOFQSm7uMJhNQHkdPcmjg==

datatables.net-bs5@^2.0.8:
  version "2.2.0"
  resolved "https://registry.yarnpkg.com/datatables.net-bs5/-/datatables.net-bs5-2.2.0.tgz#ba80819825b96827d6361f8385b092c2a657a8af"
  integrity sha512-klqdrghM0BkBWulaWiGdKwdZyPHK+8coBGjhSQAZe/eQBnr7OLC8wl7NqPfQuVXv4J74HgO6K1gIYHKHbHjrtA==
  dependencies:
    datatables.net "2.2.0"
    jquery ">=1.7"

datatables.net@2.2.0, datatables.net@^2.0.8:
  version "2.2.0"
  resolved "https://registry.yarnpkg.com/datatables.net/-/datatables.net-2.2.0.tgz#d7e92ede9a3bf23ac4c360e475fbe6313f16fd56"
  integrity sha512-q/G5ylL+AhMLFFHNYQAgvooCZtmbudc7wwzKkCZI4B1HnYec4SqnWtcTFjC7P6EtL1UGyx16FcjQ0U84S86mLg==
  dependencies:
    jquery ">=1.7"

jquery-form@^4.3.0:
  version "4.3.0"
  resolved "https://registry.yarnpkg.com/jquery-form/-/jquery-form-4.3.0.tgz#7d3961c314a1f2d15298f4af1d3943f54f4149c6"
  integrity sha512-q3uaVCEWdLOYUCI6dpNdwf/7cJFOsUgdpq6r0taxtGQ5NJSkOzofyWm4jpOuJ5YxdmL1FI5QR+q+HB63HHLGnQ==
  dependencies:
    jquery ">=1.7.2"

jquery-mousewheel@>=3.0.6:
  version "3.1.13"
  resolved "https://registry.yarnpkg.com/jquery-mousewheel/-/jquery-mousewheel-3.1.13.tgz#06f0335f16e353a695e7206bf50503cb523a6ee5"
  integrity sha512-GXhSjfOPyDemM005YCEHvzrEALhKDIswtxSHSR2e4K/suHVJKJxxRCGz3skPjNxjJjQa9AVSGGlYjv1M3VLIPg==

jquery-validation-unobtrusive@^4.0.0:
  version "4.0.0"
  resolved "https://registry.yarnpkg.com/jquery-validation-unobtrusive/-/jquery-validation-unobtrusive-4.0.0.tgz#dfcf25a558496a2c883db6021d10f5398d15f99d"
  integrity sha512-1ervYFFv6LX/rp7ktuLnMakHNG0piNRDyROI8Ir3hL1vPIwylAehB1AY3BPrYJnzW3WmwWryZq+Bz4sazZK9iQ==
  dependencies:
    jquery "^3.6.0"
    jquery-validation ">=1.19"

jquery-validation@>=1.19, jquery-validation@^1.20.1:
  version "1.21.0"
  resolved "https://registry.yarnpkg.com/jquery-validation/-/jquery-validation-1.21.0.tgz#78fc05ab76020912a246af3661b3f54a438bca93"
  integrity sha512-xNot0rlUIgu7duMcQ5qb6MGkGL/Z1PQaRJQoZAURW9+a/2PGOUxY36o/WyNeP2T9R6jvWB8Z9lUVvvQWI/Zs5w==

jquery@>=1.10, jquery@>=1.12.0, "jquery@>=1.5.0 <4.0", jquery@>=1.7, jquery@>=1.7.2, "jquery@>=3.4.0 <4.0.0", jquery@^3.6.0, jquery@~3.7.1:
  version "3.7.1"
  resolved "https://registry.yarnpkg.com/jquery/-/jquery-3.7.1.tgz#083ef98927c9a6a74d05a6af02806566d16274de"
  integrity sha512-m4avr8yL8kmFN8psrbFFFmB/If14iN5o9nw/NgnnM+kybDJpRsAynV2BsfpTYrTRysYUdADVD7CkUUizgkpLfg==

just-compare@^2.3.0:
  version "2.3.0"
  resolved "https://registry.yarnpkg.com/just-compare/-/just-compare-2.3.0.tgz#a2adcc1d1940536263275f5a1ef1298bcacfeda7"
  integrity sha512-6shoR7HDT+fzfL3gBahx1jZG3hWLrhPAf+l7nCwahDdT9XDtosB9kIF0ZrzUp5QY8dJWfQVr5rnsPqsbvflDzg==

lodash@^4.17.21:
  version "4.17.21"
  resolved "https://registry.yarnpkg.com/lodash/-/lodash-4.17.21.tgz#679591c564c3bffaae8454cf0b3df370c3d6911c"
  integrity sha512-v2kDEe57lecTulaDIuNTPy3Ry4gLGJ6Z1O3vE1krgXZNrsQ+LFTGHVxVjcXPs17LhbZVGedAJv8XZ1tvj5FvSg==

luxon@^3.4.4:
  version "3.5.0"
  resolved "https://registry.yarnpkg.com/luxon/-/luxon-3.5.0.tgz#6b6f65c5cd1d61d1fd19dbf07ee87a50bf4b8e20"
  integrity sha512-rh+Zjr6DNfUYR3bPwJEnuwDdqMbxZW7LOQfUN4B54+Cl+0o5zaU9RJ6bcidfDtC1cWCZXQ+nvX8bf6bAji37QQ==

malihu-custom-scrollbar-plugin@^3.1.5:
  version "3.1.5"
  resolved "https://registry.yarnpkg.com/malihu-custom-scrollbar-plugin/-/malihu-custom-scrollbar-plugin-3.1.5.tgz#310cecc5e59415a1c29e9dfb5d2b6e01d66a29ef"
  integrity sha512-lwW3LgI+CNDMPnP4ED2la6oYxWMkCXlnhex+s2wuOLhFDFGnGmQuTQVdRK9bvDLpxs10sGlfErVufJy9ztfgJQ==
  dependencies:
    jquery-mousewheel ">=3.0.6"

moment@^2.30.1, moment@^2.9.0:
  version "2.30.1"
  resolved "https://registry.yarnpkg.com/moment/-/moment-2.30.1.tgz#f8c91c07b7a786e30c59926df530b4eac96974ae"
  integrity sha512-uEmtNhbDOrWPFS+hdjFCBfy9f2YoyzRpwcl+DqpC6taX21FzsTLQVbMV/W7PzNSX6x/bhC1zA3c2UQ5NzH6how==

select2@^4.0.13:
  version "4.0.13"
  resolved "https://registry.yarnpkg.com/select2/-/select2-4.0.13.tgz#0dbe377df3f96167c4c1626033e924372d8ef44d"
  integrity sha512-1JeB87s6oN/TDxQQYCvS5EFoQyvV6eYMZZ0AeA4tdFDYWN3BAGZ8npr17UBFddU0lgAt3H0yjX3X6/ekOj1yjw==

sweetalert2@^11.3.6:
  version "11.15.10"
  resolved "https://registry.yarnpkg.com/sweetalert2/-/sweetalert2-11.15.10.tgz#315ed4d0933bb1b6fbd7d0daf3d160bd3cc78b64"
  integrity sha512-Sjiwcd5mWiz8X0JFkHsso2EPVQHrLCjVv+xR6Ry2LKf4KY6kSi4U5pM0Tgmn1c7SMfkyDqPal2NWqwj6vck8bw==

timeago@^1.6.7:
  version "1.6.7"
  resolved "https://registry.yarnpkg.com/timeago/-/timeago-1.6.7.tgz#afd467c29a911e697fc22a81888c7c3022783cb5"
  integrity sha512-FikcjN98+ij0siKH4VO4dZ358PR3oDDq4Vdl1+sN9gWz1/+JXGr3uZbUShYH/hL7bMhcTpPbplJU5Tej4b4jbQ==
  dependencies:
    jquery ">=1.5.0 <4.0"

toastr@^2.1.4:
  version "2.1.4"
  resolved "https://registry.yarnpkg.com/toastr/-/toastr-2.1.4.tgz#8b43be64fb9d0c414871446f2db8e8ca4e95f181"
  integrity sha512-LIy77F5n+sz4tefMmFOntcJ6HL0Fv3k1TDnNmFZ0bU/GcvIIfy6eG2v7zQmMiYgaalAiUv75ttFrPn5s0gyqlA==
  dependencies:
    jquery ">=1.12.0"
