
Microsoft Visual Studio Solution File, Format Version 12.00
# Visual Studio Version 17
VisualStudioVersion = 17.0.31903.59
MinimumVisualStudioVersion = 10.0.40219.1
Project("{9A19103F-16F7-4668-BE54-9A1E7A4F7556}") = "DevSample", "DevSample\DevSample.csproj", "{721ACE10-0AFE-4824-B6F0-99F00DCA8A23}"
EndProject
Global
	GlobalSection(SolutionConfigurationPlatforms) = preSolution
		Debug|Any CPU = Debug|Any CPU
		Release|Any CPU = Release|Any CPU
	EndGlobalSection
	GlobalSection(ProjectConfigurationPlatforms) = postSolution
		{721ACE10-0AFE-4824-B6F0-99F00DCA8A23}.Debug|Any CPU.ActiveCfg = Debug|Any CPU
		{721ACE10-0AFE-4824-B6F0-99F00DCA8A23}.Debug|Any CPU.Build.0 = Debug|Any CPU
		{721ACE10-0AFE-4824-B6F0-99F00DCA8A23}.Release|Any CPU.ActiveCfg = Release|Any CPU
		{721ACE10-0AFE-4824-B6F0-99F00DCA8A23}.Release|Any CPU.Build.0 = Release|Any CPU
	EndGlobalSection
	GlobalSection(SolutionProperties) = preSolution
		HideSolutionNode = FALSE
	EndGlobalSection
	GlobalSection(ExtensibilityGlobals) = postSolution
		SolutionGuid = {9EDE4B38-6130-7008-A24D-7847FDA03B22}
	EndGlobalSection
EndGlobal
